// !$*UTF8*$!
{
	archiveVersion = 1;
	classes = {
	};
	objectVersion = 77;
	objects = {

/* Begin PBXBuildFile section */
		01132BB2E9D3CF5036C486C6 /* SwitchScheduler.swift in Sources */ = {isa = PBXBuildFile; fileRef = 731CD65B2BD90DFE1941F686 /* SwitchScheduler.swift */; };
		03273CDA48BE9F71AF0BAD2C /* InputSourceController.swift in Sources */ = {isa = PBXBuildFile; fileRef = 3FDB79E36CF90BE534653826 /* InputSourceController.swift */; };
		03E40D1794D799F9FD292F69 /* KeyboardEventHub.swift in Sources */ = {isa = PBXBuildFile; fileRef = D4CE9E78F337DFFBAC2D9EC0 /* KeyboardEventHub.swift */; };
		0B3D244F51ABFFE67E78828E /* SettingsScene.swift in Sources */ = {isa = PBXBuildFile; fileRef = 60A47EFFC57814CE0E3207E7 /* SettingsScene.swift */; };
		0E84BFC0D5418C9849C39326 /* DocumentSwitchChecker.swift in Sources */ = {isa = PBXBuildFile; fileRef = 70840E29F03744A7306301CF /* DocumentSwitchChecker.swift */; };
		13907089BBA04931190F08C5 /* InputSourceClassifier.swift in Sources */ = {isa = PBXBuildFile; fileRef = F45CA82EFE54E2DBF74473FC /* InputSourceClassifier.swift */; };
		13C55472711393340E0BE8D5 /* FocusCoordinatorTests.swift in Sources */ = {isa = PBXBuildFile; fileRef = B600BD69ABC00749DDE4880F /* FocusCoordinatorTests.swift */; };
		1F3D136DA974BB909EC7C9B4 /* SpotlightTab.swift in Sources */ = {isa = PBXBuildFile; fileRef = 870F21569A81051CF59032B6 /* SpotlightTab.swift */; };
		26F742FFD58970D58616A392 /* SingleInstanceCoordinator.swift in Sources */ = {isa = PBXBuildFile; fileRef = 0DDEEE66C0806ABB3B4DFB7A /* SingleInstanceCoordinator.swift */; };
		29741C8F5DC20035DB73B548 /* UpdaterController.swift in Sources */ = {isa = PBXBuildFile; fileRef = B3F708E432F252ADB487FE01 /* UpdaterController.swift */; };
		2A22E2E818904D257D5C38C2 /* RunningAppsPicker.swift in Sources */ = {isa = PBXBuildFile; fileRef = A70677A541F901F4D85057AA /* RunningAppsPicker.swift */; };
		2BFDCE7437DB0903F8413B45 /* BuiltinSpotlightBundles.swift in Sources */ = {isa = PBXBuildFile; fileRef = 567E831D3DB6981CCD621C86 /* BuiltinSpotlightBundles.swift */; };
		2F589D5291A77D8AD92440A4 /* StatusBarController.swift in Sources */ = {isa = PBXBuildFile; fileRef = C901AD013F5DBE5C4BD5C6E3 /* StatusBarController.swift */; };
		35CAD78B13DD08AD33F5EB17 /* ServiceManagement.framework in Frameworks */ = {isa = PBXBuildFile; fileRef = 4F58B3CAD34CC84CEA8644B0 /* ServiceManagement.framework */; };
		372BB640F7BBA78FF56B3D13 /* RuleEngineTests.swift in Sources */ = {isa = PBXBuildFile; fileRef = BFBB27505C8807A2C4C73971 /* RuleEngineTests.swift */; };
		37DD6757ABF17B37DE5C649D /* KeyboardEventHubTests.swift in Sources */ = {isa = PBXBuildFile; fileRef = D968CC10E4815E5EA4411F9A /* KeyboardEventHubTests.swift */; };
		3B5161A5CEFD335517ACE734 /* LaunchContext.swift in Sources */ = {isa = PBXBuildFile; fileRef = 0816B3719D6A76748896172B /* LaunchContext.swift */; };
		3CD99170E9A3C04579E87A2B /* AppRulesTab.swift in Sources */ = {isa = PBXBuildFile; fileRef = 7AA447E2CBF7C05C0F60F65F /* AppRulesTab.swift */; };
		4268643878082536534BDE14 /* ConfigStoreTests.swift in Sources */ = {isa = PBXBuildFile; fileRef = 5996362A45F38C7BFB94925F /* ConfigStoreTests.swift */; };
		59BFFA4C52A6D80745CB64CD /* VisibilityDiffTests.swift in Sources */ = {isa = PBXBuildFile; fileRef = BD7CE9CF8DBFFF5ACE5F8619 /* VisibilityDiffTests.swift */; };
		5F83FF0B7AA6698463D3E458 /* InputSourcePicker.swift in Sources */ = {isa = PBXBuildFile; fileRef = C2E57012AF70550B34E00B1A /* InputSourcePicker.swift */; };
		62192CA15D09D9B972FD964D /* AppDelegate.swift in Sources */ = {isa = PBXBuildFile; fileRef = C4FBABD1FD79FB90683AD93B /* AppDelegate.swift */; };
		6A5590D0B7C6BDE8BD494094 /* ConfigStore.swift in Sources */ = {isa = PBXBuildFile; fileRef = 23B0FE593CDDFC441C650BD9 /* ConfigStore.swift */; };
		6BB1FD1C0BA3C5C53EC9F08C /* FocusCoordinator.swift in Sources */ = {isa = PBXBuildFile; fileRef = DA44C99C80D17E43F9476330 /* FocusCoordinator.swift */; };
		6F0E82C762D428FB21DDE961 /* SlashTriggerMonitor.swift in Sources */ = {isa = PBXBuildFile; fileRef = C00543707AF2235921A43044 /* SlashTriggerMonitor.swift */; };
		707D6EE15B6B33F9E38DC731 /* Config.swift in Sources */ = {isa = PBXBuildFile; fileRef = 3D588F5D5B59FA0AABF4A209 /* Config.swift */; };
		78131F4A459E4267CE98BFA4 /* PermissionsManager.swift in Sources */ = {isa = PBXBuildFile; fileRef = AF847076AD9CABA0481636DF /* PermissionsManager.swift */; };
		7EEAE3FCCF2FF37D42FB6DC4 /* Foundation.framework in Frameworks */ = {isa = PBXBuildFile; fileRef = DDCF190541F078B66F775FF4 /* Foundation.framework */; };
		818EE4414CE1EFEDA57EB7BB /* AppKit.framework in Frameworks */ = {isa = PBXBuildFile; fileRef = CFCBA28779902342B8DC1907 /* AppKit.framework */; };
		82ED171A56C5855C58B9B318 /* LoginItemManager.swift in Sources */ = {isa = PBXBuildFile; fileRef = A2E4307729E27BBB4C0A6B82 /* LoginItemManager.swift */; };
		8B516C827148D34C5A68373E /* GeneralTab.swift in Sources */ = {isa = PBXBuildFile; fileRef = 6B0AB647AA30A58F4480086E /* GeneralTab.swift */; };
		8DA189711880535E87D33DE0 /* RuleEngine.swift in Sources */ = {isa = PBXBuildFile; fileRef = 5754910EBD016F6208E65EC6 /* RuleEngine.swift */; };
		8E96529394EB3825E60D0199 /* Cocoa.framework in Frameworks */ = {isa = PBXBuildFile; fileRef = 0ED87B2C5B5B4E17C4734FDC /* Cocoa.framework */; };
		94FEA458BD0069B34B785316 /* SystemSettingsLinks.swift in Sources */ = {isa = PBXBuildFile; fileRef = A12D3BD123F394A06E16B4DC /* SystemSettingsLinks.swift */; };
		969F97B1D4F2D3F327CFFD42 /* InputSource.swift in Sources */ = {isa = PBXBuildFile; fileRef = 5D0F334664EFC573BC0C76AB /* InputSource.swift */; };
		96A3C8624DC178C39B7E0267 /* SpotlightPanelMonitor.swift in Sources */ = {isa = PBXBuildFile; fileRef = F8D7BE6F4631CEC40C529E69 /* SpotlightPanelMonitor.swift */; };
		9C5E0F38853DCD527367DBD1 /* TransientEnglishMonitor.swift in Sources */ = {isa = PBXBuildFile; fileRef = 5139F731F728710F85CD3CE3 /* TransientEnglishMonitor.swift */; };
		A72707A384CD397A24AA0C3C /* AutoSwitchApp.swift in Sources */ = {isa = PBXBuildFile; fileRef = C4116F6CDCC6A7930146145E /* AutoSwitchApp.swift */; };
		AB78F4FA907146DC109956FD /* Foundation.framework in Frameworks */ = {isa = PBXBuildFile; fileRef = DDCF190541F078B66F775FF4 /* Foundation.framework */; };
		B18D175D8821895E6339B4AB /* AXTextReader.swift in Sources */ = {isa = PBXBuildFile; fileRef = 2C55EA8070E7329A553F2CD8 /* AXTextReader.swift */; };
		B2503013D1F5FF8755EF531A /* Assets.xcassets in Resources */ = {isa = PBXBuildFile; fileRef = B8632E694B2336B0605805E0 /* Assets.xcassets */; };
		B5CB42A69DF15F8DC1623EE4 /* XCTest.framework in Frameworks */ = {isa = PBXBuildFile; fileRef = 0E4BD9881938012D2FA1EF4B /* XCTest.framework */; };
		C0C4887D76BF74680791FAF5 /* Carbon.framework in Frameworks */ = {isa = PBXBuildFile; fileRef = E020A832FC5467042137D6E7 /* Carbon.framework */; };
		C16089F07BD7301845BCCF2F /* SwitchSchedulerTests.swift in Sources */ = {isa = PBXBuildFile; fileRef = E9BCA372D548F1C09E1F958C /* SwitchSchedulerTests.swift */; };
		C1C0371B8233B38CD939942E /* AppState.swift in Sources */ = {isa = PBXBuildFile; fileRef = EA688B0794D8E0473AB07BCF /* AppState.swift */; };
		C52965789B9032183AF585C9 /* InputSourceClassifierTests.swift in Sources */ = {isa = PBXBuildFile; fileRef = 56AC4E7CBA6713D3CA865BAA /* InputSourceClassifierTests.swift */; };
		CC8618A40810AF53E3A321A7 /* FocusEvent.swift in Sources */ = {isa = PBXBuildFile; fileRef = C62E263FF875E734608293F6 /* FocusEvent.swift */; };
		CFC8C1E723C20B6ACED66BE3 /* AutoSwitchIcon.icns in Resources */ = {isa = PBXBuildFile; fileRef = CFDE1C50408302928A9D602E /* AutoSwitchIcon.icns */; };
		D3FB8E5A95D53E4D2941C9DC /* VisibilityDiff.swift in Sources */ = {isa = PBXBuildFile; fileRef = 0B7FC2A8982B45654C932272 /* VisibilityDiff.swift */; };
		D4FEFA2D64EDD3C8082FBC6E /* SystemActionButton.swift in Sources */ = {isa = PBXBuildFile; fileRef = B77FC05E0A0A6E0B63E1405B /* SystemActionButton.swift */; };
		D753F430AB533F6EC78094E6 /* AppActivationMonitor.swift in Sources */ = {isa = PBXBuildFile; fileRef = 377B7026C7FFA2387439A842 /* AppActivationMonitor.swift */; };
		DA1461B865CAC2D391ED7905 /* LaunchContextTests.swift in Sources */ = {isa = PBXBuildFile; fileRef = 3EDB268E52DA69AC12E993BA /* LaunchContextTests.swift */; };
		E2161D8A1574A53A623BC254 /* AppStateWindowSizingTests.swift in Sources */ = {isa = PBXBuildFile; fileRef = A36F983EAD22E522E56E8A3C /* AppStateWindowSizingTests.swift */; };
		E46D43AA774A6C4FF202374B /* ApplicationServices.framework in Frameworks */ = {isa = PBXBuildFile; fileRef = 612481584311BE77056626A1 /* ApplicationServices.framework */; };
		E9260E64B8FD26983932D521 /* Cocoa.framework in Frameworks */ = {isa = PBXBuildFile; fileRef = 0ED87B2C5B5B4E17C4734FDC /* Cocoa.framework */; };
		EA7D6B8F5452F53910493737 /* FocusedElementMonitor.swift in Sources */ = {isa = PBXBuildFile; fileRef = 51B90E7B1DFA3743E391B398 /* FocusedElementMonitor.swift */; };
		EC4FA99EEC618045E6FD35F4 /* AppRule.swift in Sources */ = {isa = PBXBuildFile; fileRef = 557FD5623DE3B399E182C51E /* AppRule.swift */; };
		EF8A4D607B6BED8ECBA4369C /* ShellPromptDetector.swift in Sources */ = {isa = PBXBuildFile; fileRef = 3FBE8E67963257523071148B /* ShellPromptDetector.swift */; };
		F17F95A5D9D986458670779C /* StatusPill.swift in Sources */ = {isa = PBXBuildFile; fileRef = D8916937106945AF481EE322 /* StatusPill.swift */; };
		F2AF162D3875B7665E9EBF95 /* LockScreenMonitor.swift in Sources */ = {isa = PBXBuildFile; fileRef = 8D2A3AEE737E82547463F79C /* LockScreenMonitor.swift */; };
		F47C749CC9FCAF5D2049AB77 /* SwiftUI.framework in Frameworks */ = {isa = PBXBuildFile; fileRef = 427C015CCDC84612E1E6C5B5 /* SwiftUI.framework */; };
		F6AA95B5470405CB046D7428 /* ShellPromptDetectorTests.swift in Sources */ = {isa = PBXBuildFile; fileRef = 34AD779B473380EC81A5CCE2 /* ShellPromptDetectorTests.swift */; };
		FA7EBC12FC4215F04B5F55EA /* CaretContextProbe.swift in Sources */ = {isa = PBXBuildFile; fileRef = 04BA6BEB2F2AB9E01A5F58D8 /* CaretContextProbe.swift */; };
/* End PBXBuildFile section */

/* Begin PBXContainerItemProxy section */
		B7CC650B09242F1A4BF50608 /* PBXContainerItemProxy */ = {
			isa = PBXContainerItemProxy;
			containerPortal = E40F85425EAB2AED2B46B5C0 /* Project object */;
			proxyType = 1;
			remoteGlobalIDString = 8CD7802E91959D81D110B64A;
			remoteInfo = AutoSwitch;
		};
/* End PBXContainerItemProxy section */

/* Begin PBXFileReference section */
		04BA6BEB2F2AB9E01A5F58D8 /* CaretContextProbe.swift */ = {isa = PBXFileReference; includeInIndex = 1; lastKnownFileType = sourcecode.swift; name = CaretContextProbe.swift; path = Monitor/CaretContextProbe.swift; sourceTree = "<group>"; };
		0816B3719D6A76748896172B /* LaunchContext.swift */ = {isa = PBXFileReference; includeInIndex = 1; lastKnownFileType = sourcecode.swift; name = LaunchContext.swift; path = App/LaunchContext.swift; sourceTree = "<group>"; };
		0B7FC2A8982B45654C932272 /* VisibilityDiff.swift */ = {isa = PBXFileReference; includeInIndex = 1; lastKnownFileType = sourcecode.swift; name = VisibilityDiff.swift; path = Monitor/VisibilityDiff.swift; sourceTree = "<group>"; };
		0DDEEE66C0806ABB3B4DFB7A /* SingleInstanceCoordinator.swift */ = {isa = PBXFileReference; includeInIndex = 1; lastKnownFileType = sourcecode.swift; name = SingleInstanceCoordinator.swift; path = App/SingleInstanceCoordinator.swift; sourceTree = "<group>"; };
		0E4BD9881938012D2FA1EF4B /* XCTest.framework */ = {isa = PBXFileReference; lastKnownFileType = wrapper.framework; name = XCTest.framework; path = Platforms/MacOSX.platform/Developer/SDKs/MacOSX15.0.sdk/System/Library/Frameworks/XCTest.framework; sourceTree = DEVELOPER_DIR; };
		0ED87B2C5B5B4E17C4734FDC /* Cocoa.framework */ = {isa = PBXFileReference; lastKnownFileType = wrapper.framework; name = Cocoa.framework; path = Platforms/MacOSX.platform/Developer/SDKs/MacOSX15.0.sdk/System/Library/Frameworks/Cocoa.framework; sourceTree = DEVELOPER_DIR; };
		23B0FE593CDDFC441C650BD9 /* ConfigStore.swift */ = {isa = PBXFileReference; includeInIndex = 1; lastKnownFileType = sourcecode.swift; name = ConfigStore.swift; path = Config/ConfigStore.swift; sourceTree = "<group>"; };
		2C55EA8070E7329A553F2CD8 /* AXTextReader.swift */ = {isa = PBXFileReference; includeInIndex = 1; lastKnownFileType = sourcecode.swift; name = AXTextReader.swift; path = Monitor/AXTextReader.swift; sourceTree = "<group>"; };
		33EEC8ECD18CF162FCF2017C /* Info.plist */ = {isa = PBXFileReference; includeInIndex = 1; lastKnownFileType = text.plist.xml; name = Info.plist; path = App/Info.plist; sourceTree = "<group>"; };
		34AD779B473380EC81A5CCE2 /* ShellPromptDetectorTests.swift */ = {isa = PBXFileReference; includeInIndex = 1; lastKnownFileType = sourcecode.swift; path = ShellPromptDetectorTests.swift; sourceTree = "<group>"; };
		377B7026C7FFA2387439A842 /* AppActivationMonitor.swift */ = {isa = PBXFileReference; includeInIndex = 1; lastKnownFileType = sourcecode.swift; name = AppActivationMonitor.swift; path = Monitor/AppActivationMonitor.swift; sourceTree = "<group>"; };
		3D588F5D5B59FA0AABF4A209 /* Config.swift */ = {isa = PBXFileReference; includeInIndex = 1; lastKnownFileType = sourcecode.swift; name = Config.swift; path = Config/Config.swift; sourceTree = "<group>"; };
		3EDB268E52DA69AC12E993BA /* LaunchContextTests.swift */ = {isa = PBXFileReference; includeInIndex = 1; lastKnownFileType = sourcecode.swift; path = LaunchContextTests.swift; sourceTree = "<group>"; };
		3FBE8E67963257523071148B /* ShellPromptDetector.swift */ = {isa = PBXFileReference; includeInIndex = 1; lastKnownFileType = sourcecode.swift; name = ShellPromptDetector.swift; path = Engine/ShellPromptDetector.swift; sourceTree = "<group>"; };
		3FDB79E36CF90BE534653826 /* InputSourceController.swift */ = {isa = PBXFileReference; includeInIndex = 1; lastKnownFileType = sourcecode.swift; name = InputSourceController.swift; path = InputSource/InputSourceController.swift; sourceTree = "<group>"; };
		427C015CCDC84612E1E6C5B5 /* SwiftUI.framework */ = {isa = PBXFileReference; lastKnownFileType = wrapper.framework; name = SwiftUI.framework; path = Platforms/MacOSX.platform/Developer/SDKs/MacOSX15.0.sdk/System/Library/Frameworks/SwiftUI.framework; sourceTree = DEVELOPER_DIR; };
		4F58B3CAD34CC84CEA8644B0 /* ServiceManagement.framework */ = {isa = PBXFileReference; lastKnownFileType = wrapper.framework; name = ServiceManagement.framework; path = Platforms/MacOSX.platform/Developer/SDKs/MacOSX15.0.sdk/System/Library/Frameworks/ServiceManagement.framework; sourceTree = DEVELOPER_DIR; };
		5139F731F728710F85CD3CE3 /* TransientEnglishMonitor.swift */ = {isa = PBXFileReference; includeInIndex = 1; lastKnownFileType = sourcecode.swift; name = TransientEnglishMonitor.swift; path = Engine/TransientEnglishMonitor.swift; sourceTree = "<group>"; };
		51B90E7B1DFA3743E391B398 /* FocusedElementMonitor.swift */ = {isa = PBXFileReference; includeInIndex = 1; lastKnownFileType = sourcecode.swift; name = FocusedElementMonitor.swift; path = Monitor/FocusedElementMonitor.swift; sourceTree = "<group>"; };
		557FD5623DE3B399E182C51E /* AppRule.swift */ = {isa = PBXFileReference; includeInIndex = 1; lastKnownFileType = sourcecode.swift; name = AppRule.swift; path = Config/AppRule.swift; sourceTree = "<group>"; };
		567E831D3DB6981CCD621C86 /* BuiltinSpotlightBundles.swift */ = {isa = PBXFileReference; includeInIndex = 1; lastKnownFileType = sourcecode.swift; name = BuiltinSpotlightBundles.swift; path = Config/BuiltinSpotlightBundles.swift; sourceTree = "<group>"; };
		56AC4E7CBA6713D3CA865BAA /* InputSourceClassifierTests.swift */ = {isa = PBXFileReference; includeInIndex = 1; lastKnownFileType = sourcecode.swift; path = InputSourceClassifierTests.swift; sourceTree = "<group>"; };
		5754910EBD016F6208E65EC6 /* RuleEngine.swift */ = {isa = PBXFileReference; includeInIndex = 1; lastKnownFileType = sourcecode.swift; name = RuleEngine.swift; path = Engine/RuleEngine.swift; sourceTree = "<group>"; };
		5996362A45F38C7BFB94925F /* ConfigStoreTests.swift */ = {isa = PBXFileReference; includeInIndex = 1; lastKnownFileType = sourcecode.swift; path = ConfigStoreTests.swift; sourceTree = "<group>"; };
		5D0F334664EFC573BC0C76AB /* InputSource.swift */ = {isa = PBXFileReference; includeInIndex = 1; lastKnownFileType = sourcecode.swift; name = InputSource.swift; path = InputSource/InputSource.swift; sourceTree = "<group>"; };
		60A47EFFC57814CE0E3207E7 /* SettingsScene.swift */ = {isa = PBXFileReference; includeInIndex = 1; lastKnownFileType = sourcecode.swift; name = SettingsScene.swift; path = UI/SettingsScene.swift; sourceTree = "<group>"; };
		612481584311BE77056626A1 /* ApplicationServices.framework */ = {isa = PBXFileReference; lastKnownFileType = wrapper.framework; name = ApplicationServices.framework; path = Platforms/MacOSX.platform/Developer/SDKs/MacOSX15.0.sdk/System/Library/Frameworks/ApplicationServices.framework; sourceTree = DEVELOPER_DIR; };
		6B0AB647AA30A58F4480086E /* GeneralTab.swift */ = {isa = PBXFileReference; includeInIndex = 1; lastKnownFileType = sourcecode.swift; name = GeneralTab.swift; path = UI/GeneralTab.swift; sourceTree = "<group>"; };
		70840E29F03744A7306301CF /* DocumentSwitchChecker.swift */ = {isa = PBXFileReference; includeInIndex = 1; lastKnownFileType = sourcecode.swift; name = DocumentSwitchChecker.swift; path = System/DocumentSwitchChecker.swift; sourceTree = "<group>"; };
		731CD65B2BD90DFE1941F686 /* SwitchScheduler.swift */ = {isa = PBXFileReference; includeInIndex = 1; lastKnownFileType = sourcecode.swift; name = SwitchScheduler.swift; path = Engine/SwitchScheduler.swift; sourceTree = "<group>"; };
		7AA447E2CBF7C05C0F60F65F /* AppRulesTab.swift */ = {isa = PBXFileReference; includeInIndex = 1; lastKnownFileType = sourcecode.swift; name = AppRulesTab.swift; path = UI/AppRulesTab.swift; sourceTree = "<group>"; };
		870F21569A81051CF59032B6 /* SpotlightTab.swift */ = {isa = PBXFileReference; includeInIndex = 1; lastKnownFileType = sourcecode.swift; name = SpotlightTab.swift; path = UI/SpotlightTab.swift; sourceTree = "<group>"; };
		8D2A3AEE737E82547463F79C /* LockScreenMonitor.swift */ = {isa = PBXFileReference; includeInIndex = 1; lastKnownFileType = sourcecode.swift; name = LockScreenMonitor.swift; path = Monitor/LockScreenMonitor.swift; sourceTree = "<group>"; };
		A12D3BD123F394A06E16B4DC /* SystemSettingsLinks.swift */ = {isa = PBXFileReference; includeInIndex = 1; lastKnownFileType = sourcecode.swift; name = SystemSettingsLinks.swift; path = System/SystemSettingsLinks.swift; sourceTree = "<group>"; };
		A2E4307729E27BBB4C0A6B82 /* LoginItemManager.swift */ = {isa = PBXFileReference; includeInIndex = 1; lastKnownFileType = sourcecode.swift; name = LoginItemManager.swift; path = System/LoginItemManager.swift; sourceTree = "<group>"; };
		A36F983EAD22E522E56E8A3C /* AppStateWindowSizingTests.swift */ = {isa = PBXFileReference; includeInIndex = 1; lastKnownFileType = sourcecode.swift; path = AppStateWindowSizingTests.swift; sourceTree = "<group>"; };
		A70677A541F901F4D85057AA /* RunningAppsPicker.swift */ = {isa = PBXFileReference; includeInIndex = 1; lastKnownFileType = sourcecode.swift; name = RunningAppsPicker.swift; path = UI/RunningAppsPicker.swift; sourceTree = "<group>"; };
		AF847076AD9CABA0481636DF /* PermissionsManager.swift */ = {isa = PBXFileReference; includeInIndex = 1; lastKnownFileType = sourcecode.swift; name = PermissionsManager.swift; path = System/PermissionsManager.swift; sourceTree = "<group>"; };
		B3F708E432F252ADB487FE01 /* UpdaterController.swift */ = {isa = PBXFileReference; includeInIndex = 1; lastKnownFileType = sourcecode.swift; name = UpdaterController.swift; path = Update/UpdaterController.swift; sourceTree = "<group>"; };
		B600BD69ABC00749DDE4880F /* FocusCoordinatorTests.swift */ = {isa = PBXFileReference; includeInIndex = 1; lastKnownFileType = sourcecode.swift; path = FocusCoordinatorTests.swift; sourceTree = "<group>"; };
		B77FC05E0A0A6E0B63E1405B /* SystemActionButton.swift */ = {isa = PBXFileReference; includeInIndex = 1; lastKnownFileType = sourcecode.swift; name = SystemActionButton.swift; path = UI/Components/SystemActionButton.swift; sourceTree = "<group>"; };
		B8632E694B2336B0605805E0 /* Assets.xcassets */ = {isa = PBXFileReference; includeInIndex = 1; lastKnownFileType = folder.assetcatalog; path = Assets.xcassets; sourceTree = "<group>"; };
		BC62809565A0D6C3CEC39DBA /* AutoSwitch.app */ = {isa = PBXFileReference; explicitFileType = wrapper.application; includeInIndex = 0; path = AutoSwitch.app; sourceTree = BUILT_PRODUCTS_DIR; };
		BD7CE9CF8DBFFF5ACE5F8619 /* VisibilityDiffTests.swift */ = {isa = PBXFileReference; includeInIndex = 1; lastKnownFileType = sourcecode.swift; path = VisibilityDiffTests.swift; sourceTree = "<group>"; };
		BFBB27505C8807A2C4C73971 /* RuleEngineTests.swift */ = {isa = PBXFileReference; includeInIndex = 1; lastKnownFileType = sourcecode.swift; path = RuleEngineTests.swift; sourceTree = "<group>"; };
		C00543707AF2235921A43044 /* SlashTriggerMonitor.swift */ = {isa = PBXFileReference; includeInIndex = 1; lastKnownFileType = sourcecode.swift; name = SlashTriggerMonitor.swift; path = Engine/SlashTriggerMonitor.swift; sourceTree = "<group>"; };
		C1A2D74552AF25C05B37DE6F /* AutoSwitchTests.xctest */ = {isa = PBXFileReference; explicitFileType = wrapper.cfbundle; includeInIndex = 0; path = AutoSwitchTests.xctest; sourceTree = BUILT_PRODUCTS_DIR; };
		C2E57012AF70550B34E00B1A /* InputSourcePicker.swift */ = {isa = PBXFileReference; includeInIndex = 1; lastKnownFileType = sourcecode.swift; name = InputSourcePicker.swift; path = UI/Components/InputSourcePicker.swift; sourceTree = "<group>"; };
		C4116F6CDCC6A7930146145E /* AutoSwitchApp.swift */ = {isa = PBXFileReference; includeInIndex = 1; lastKnownFileType = sourcecode.swift; name = AutoSwitchApp.swift; path = App/AutoSwitchApp.swift; sourceTree = "<group>"; };
		C4FBABD1FD79FB90683AD93B /* AppDelegate.swift */ = {isa = PBXFileReference; includeInIndex = 1; lastKnownFileType = sourcecode.swift; name = AppDelegate.swift; path = App/AppDelegate.swift; sourceTree = "<group>"; };
		C62E263FF875E734608293F6 /* FocusEvent.swift */ = {isa = PBXFileReference; includeInIndex = 1; lastKnownFileType = sourcecode.swift; name = FocusEvent.swift; path = Monitor/FocusEvent.swift; sourceTree = "<group>"; };
		C901AD013F5DBE5C4BD5C6E3 /* StatusBarController.swift */ = {isa = PBXFileReference; includeInIndex = 1; lastKnownFileType = sourcecode.swift; name = StatusBarController.swift; path = App/StatusBarController.swift; sourceTree = "<group>"; };
		CFCBA28779902342B8DC1907 /* AppKit.framework */ = {isa = PBXFileReference; lastKnownFileType = wrapper.framework; name = AppKit.framework; path = Platforms/MacOSX.platform/Developer/SDKs/MacOSX15.0.sdk/System/Library/Frameworks/AppKit.framework; sourceTree = DEVELOPER_DIR; };
		CFDE1C50408302928A9D602E /* AutoSwitchIcon.icns */ = {isa = PBXFileReference; includeInIndex = 1; lastKnownFileType = image.icns; path = AutoSwitchIcon.icns; sourceTree = "<group>"; };
		D4CE9E78F337DFFBAC2D9EC0 /* KeyboardEventHub.swift */ = {isa = PBXFileReference; includeInIndex = 1; lastKnownFileType = sourcecode.swift; name = KeyboardEventHub.swift; path = Monitor/KeyboardEventHub.swift; sourceTree = "<group>"; };
		D8916937106945AF481EE322 /* StatusPill.swift */ = {isa = PBXFileReference; includeInIndex = 1; lastKnownFileType = sourcecode.swift; name = StatusPill.swift; path = UI/Components/StatusPill.swift; sourceTree = "<group>"; };
		D968CC10E4815E5EA4411F9A /* KeyboardEventHubTests.swift */ = {isa = PBXFileReference; includeInIndex = 1; lastKnownFileType = sourcecode.swift; path = KeyboardEventHubTests.swift; sourceTree = "<group>"; };
		DA44C99C80D17E43F9476330 /* FocusCoordinator.swift */ = {isa = PBXFileReference; includeInIndex = 1; lastKnownFileType = sourcecode.swift; name = FocusCoordinator.swift; path = Engine/FocusCoordinator.swift; sourceTree = "<group>"; };
		DDCF190541F078B66F775FF4 /* Foundation.framework */ = {isa = PBXFileReference; lastKnownFileType = wrapper.framework; name = Foundation.framework; path = Platforms/MacOSX.platform/Developer/SDKs/MacOSX15.0.sdk/System/Library/Frameworks/Foundation.framework; sourceTree = DEVELOPER_DIR; };
		E020A832FC5467042137D6E7 /* Carbon.framework */ = {isa = PBXFileReference; lastKnownFileType = wrapper.framework; name = Carbon.framework; path = Platforms/MacOSX.platform/Developer/SDKs/MacOSX15.0.sdk/System/Library/Frameworks/Carbon.framework; sourceTree = DEVELOPER_DIR; };
		E9BCA372D548F1C09E1F958C /* SwitchSchedulerTests.swift */ = {isa = PBXFileReference; includeInIndex = 1; lastKnownFileType = sourcecode.swift; path = SwitchSchedulerTests.swift; sourceTree = "<group>"; };
		EA688B0794D8E0473AB07BCF /* AppState.swift */ = {isa = PBXFileReference; includeInIndex = 1; lastKnownFileType = sourcecode.swift; name = AppState.swift; path = App/AppState.swift; sourceTree = "<group>"; };
		F45CA82EFE54E2DBF74473FC /* InputSourceClassifier.swift */ = {isa = PBXFileReference; includeInIndex = 1; lastKnownFileType = sourcecode.swift; name = InputSourceClassifier.swift; path = InputSource/InputSourceClassifier.swift; sourceTree = "<group>"; };
		F8D7BE6F4631CEC40C529E69 /* SpotlightPanelMonitor.swift */ = {isa = PBXFileReference; includeInIndex = 1; lastKnownFileType = sourcecode.swift; name = SpotlightPanelMonitor.swift; path = Monitor/SpotlightPanelMonitor.swift; sourceTree = "<group>"; };
/* End PBXFileReference section */

/* Begin PBXFrameworksBuildPhase section */
		398541C69BC2B434D84B6B6A /* Frameworks */ = {
			isa = PBXFrameworksBuildPhase;
			buildActionMask = 2147483647;
			files = (
				E9260E64B8FD26983932D521 /* Cocoa.framework in Frameworks */,
				818EE4414CE1EFEDA57EB7BB /* AppKit.framework in Frameworks */,
				F47C749CC9FCAF5D2049AB77 /* SwiftUI.framework in Frameworks */,
				C0C4887D76BF74680791FAF5 /* Carbon.framework in Frameworks */,
				E46D43AA774A6C4FF202374B /* ApplicationServices.framework in Frameworks */,
				35CAD78B13DD08AD33F5EB17 /* ServiceManagement.framework in Frameworks */,
				7EEAE3FCCF2FF37D42FB6DC4 /* Foundation.framework in Frameworks */,
			);
			runOnlyForDeploymentPostprocessing = 0;
		};
		76CE02D152B37E52D2F555B3 /* Frameworks */ = {
			isa = PBXFrameworksBuildPhase;
			buildActionMask = 2147483647;
			files = (
				8E96529394EB3825E60D0199 /* Cocoa.framework in Frameworks */,
				B5CB42A69DF15F8DC1623EE4 /* XCTest.framework in Frameworks */,
				AB78F4FA907146DC109956FD /* Foundation.framework in Frameworks */,
			);
			runOnlyForDeploymentPostprocessing = 0;
		};
/* End PBXFrameworksBuildPhase section */

/* Begin PBXGroup section */
		17D883CFB18659ED1CE5FCF1 /* AutoSwitch */ = {
			isa = PBXGroup;
			children = (
				32ABF8B5E888963A332B9769 /* Resources */,
				C4116F6CDCC6A7930146145E /* AutoSwitchApp.swift */,
				C4FBABD1FD79FB90683AD93B /* AppDelegate.swift */,
				EA688B0794D8E0473AB07BCF /* AppState.swift */,
				0816B3719D6A76748896172B /* LaunchContext.swift */,
				0DDEEE66C0806ABB3B4DFB7A /* SingleInstanceCoordinator.swift */,
				C901AD013F5DBE5C4BD5C6E3 /* StatusBarController.swift */,
				557FD5623DE3B399E182C51E /* AppRule.swift */,
				567E831D3DB6981CCD621C86 /* BuiltinSpotlightBundles.swift */,
				3D588F5D5B59FA0AABF4A209 /* Config.swift */,
				23B0FE593CDDFC441C650BD9 /* ConfigStore.swift */,
				DA44C99C80D17E43F9476330 /* FocusCoordinator.swift */,
				5754910EBD016F6208E65EC6 /* RuleEngine.swift */,
				3FBE8E67963257523071148B /* ShellPromptDetector.swift */,
				C00543707AF2235921A43044 /* SlashTriggerMonitor.swift */,
				731CD65B2BD90DFE1941F686 /* SwitchScheduler.swift */,
				5139F731F728710F85CD3CE3 /* TransientEnglishMonitor.swift */,
				5D0F334664EFC573BC0C76AB /* InputSource.swift */,
				F45CA82EFE54E2DBF74473FC /* InputSourceClassifier.swift */,
				3FDB79E36CF90BE534653826 /* InputSourceController.swift */,
				377B7026C7FFA2387439A842 /* AppActivationMonitor.swift */,
				2C55EA8070E7329A553F2CD8 /* AXTextReader.swift */,
				04BA6BEB2F2AB9E01A5F58D8 /* CaretContextProbe.swift */,
				51B90E7B1DFA3743E391B398 /* FocusedElementMonitor.swift */,
				C62E263FF875E734608293F6 /* FocusEvent.swift */,
				D4CE9E78F337DFFBAC2D9EC0 /* KeyboardEventHub.swift */,
				8D2A3AEE737E82547463F79C /* LockScreenMonitor.swift */,
				F8D7BE6F4631CEC40C529E69 /* SpotlightPanelMonitor.swift */,
				0B7FC2A8982B45654C932272 /* VisibilityDiff.swift */,
				70840E29F03744A7306301CF /* DocumentSwitchChecker.swift */,
				A2E4307729E27BBB4C0A6B82 /* LoginItemManager.swift */,
				AF847076AD9CABA0481636DF /* PermissionsManager.swift */,
				A12D3BD123F394A06E16B4DC /* SystemSettingsLinks.swift */,
				B3F708E432F252ADB487FE01 /* UpdaterController.swift */,
				7AA447E2CBF7C05C0F60F65F /* AppRulesTab.swift */,
				C2E57012AF70550B34E00B1A /* InputSourcePicker.swift */,
				D8916937106945AF481EE322 /* StatusPill.swift */,
				B77FC05E0A0A6E0B63E1405B /* SystemActionButton.swift */,
				6B0AB647AA30A58F4480086E /* GeneralTab.swift */,
				A70677A541F901F4D85057AA /* RunningAppsPicker.swift */,
				60A47EFFC57814CE0E3207E7 /* SettingsScene.swift */,
				870F21569A81051CF59032B6 /* SpotlightTab.swift */,
				33EEC8ECD18CF162FCF2017C /* Info.plist */,
			);
			name = AutoSwitch;
			path = AutoSwitch;
			sourceTree = "<group>";
		};
		1D9BC2DA84B1B29530606696 /* Products */ = {
			isa = PBXGroup;
			children = (
				BC62809565A0D6C3CEC39DBA /* AutoSwitch.app */,
				C1A2D74552AF25C05B37DE6F /* AutoSwitchTests.xctest */,
			);
			name = Products;
			sourceTree = "<group>";
		};
		2C187597423B6E55E8983F56 /* AutoSwitchTests */ = {
			isa = PBXGroup;
			children = (
				BFBB27505C8807A2C4C73971 /* RuleEngineTests.swift */,
				34AD779B473380EC81A5CCE2 /* ShellPromptDetectorTests.swift */,
				E9BCA372D548F1C09E1F958C /* SwitchSchedulerTests.swift */,
				5996362A45F38C7BFB94925F /* ConfigStoreTests.swift */,
				A36F983EAD22E522E56E8A3C /* AppStateWindowSizingTests.swift */,
				3EDB268E52DA69AC12E993BA /* LaunchContextTests.swift */,
				B600BD69ABC00749DDE4880F /* FocusCoordinatorTests.swift */,
				BD7CE9CF8DBFFF5ACE5F8619 /* VisibilityDiffTests.swift */,
				D968CC10E4815E5EA4411F9A /* KeyboardEventHubTests.swift */,
				56AC4E7CBA6713D3CA865BAA /* InputSourceClassifierTests.swift */,
			);
			name = AutoSwitchTests;
			path = AutoSwitchTests;
			sourceTree = "<group>";
		};
		32ABF8B5E888963A332B9769 /* Resources */ = {
			isa = PBXGroup;
			children = (
				B8632E694B2336B0605805E0 /* Assets.xcassets */,
				CFDE1C50408302928A9D602E /* AutoSwitchIcon.icns */,
			);
			name = Resources;
			path = Resources;
			sourceTree = "<group>";
		};
		3FB38AB3636A6998797585D0 /* OS X */ = {
			isa = PBXGroup;
			children = (
				0ED87B2C5B5B4E17C4734FDC /* Cocoa.framework */,
				CFCBA28779902342B8DC1907 /* AppKit.framework */,
				427C015CCDC84612E1E6C5B5 /* SwiftUI.framework */,
				E020A832FC5467042137D6E7 /* Carbon.framework */,
				612481584311BE77056626A1 /* ApplicationServices.framework */,
				4F58B3CAD34CC84CEA8644B0 /* ServiceManagement.framework */,
				DDCF190541F078B66F775FF4 /* Foundation.framework */,
				0E4BD9881938012D2FA1EF4B /* XCTest.framework */,
			);
			name = "OS X";
			sourceTree = "<group>";
		};
		70966CB3D2A00ADD1F02FCBF /* Frameworks */ = {
			isa = PBXGroup;
			children = (
				3FB38AB3636A6998797585D0 /* OS X */,
			);
			name = Frameworks;
			sourceTree = "<group>";
		};
		7344359E0A9C270B12409F90 /* Scripts */ = {
			isa = PBXGroup;
			children = (
			);
			name = Scripts;
			path = Scripts;
			sourceTree = "<group>";
		};
		E48155857B718FAC89DEABE9 = {
			isa = PBXGroup;
			children = (
				1D9BC2DA84B1B29530606696 /* Products */,
				70966CB3D2A00ADD1F02FCBF /* Frameworks */,
				17D883CFB18659ED1CE5FCF1 /* AutoSwitch */,
				2C187597423B6E55E8983F56 /* AutoSwitchTests */,
				7344359E0A9C270B12409F90 /* Scripts */,
			);
			sourceTree = "<group>";
		};
/* End PBXGroup section */

/* Begin PBXNativeTarget section */
		8CD7802E91959D81D110B64A /* AutoSwitch */ = {
			isa = PBXNativeTarget;
			buildConfigurationList = D6D7A47DF1220A039EF77488 /* Build configuration list for PBXNativeTarget "AutoSwitch" */;
			buildPhases = (
				209ADD8D48CD8323D0066DFF /* Sources */,
				398541C69BC2B434D84B6B6A /* Frameworks */,
				C0E323A38A4048D3C97E823A /* Resources */,
			);
			buildRules = (
			);
			dependencies = (
			);
			name = AutoSwitch;
			packageProductDependencies = (
				EFD61C54A51AA3CC96898105 /* Sparkle */,
			);
			productName = AutoSwitch;
			productReference = BC62809565A0D6C3CEC39DBA /* AutoSwitch.app */;
			productType = "com.apple.product-type.application";
		};
		FBFB8F8E09059FB20AF32091 /* AutoSwitchTests */ = {
			isa = PBXNativeTarget;
			buildConfigurationList = 4C8C41278ED876C0A990BB77 /* Build configuration list for PBXNativeTarget "AutoSwitchTests" */;
			buildPhases = (
				FEDA8153A0685CF2CAEA2D60 /* Sources */,
				76CE02D152B37E52D2F555B3 /* Frameworks */,
				02FEAF12D3044DAB8C3B8AC0 /* Resources */,
			);
			buildRules = (
			);
			dependencies = (
				2EB6909376C5AD05B714F8BE /* PBXTargetDependency */,
			);
			name = AutoSwitchTests;
			productName = AutoSwitchTests;
			productReference = C1A2D74552AF25C05B37DE6F /* AutoSwitchTests.xctest */;
			productType = "com.apple.product-type.bundle.unit-test";
		};
/* End PBXNativeTarget section */

/* Begin PBXProject section */
		E40F85425EAB2AED2B46B5C0 /* Project object */ = {
			isa = PBXProject;
			attributes = {
				LastSwiftUpdateCheck = 2620;
				LastUpgradeCheck = 2620;
				TargetAttributes = {
				};
			};
			buildConfigurationList = 84A74E989E0C70E25822BEE9 /* Build configuration list for PBXProject "AutoSwitch" */;
			compatibilityVersion = "Xcode 26.0";
			developmentRegion = "zh-Hans";
			hasScannedForEncodings = 0;
			knownRegions = (
				"zh-Hans",
				Base,
			);
			mainGroup = E48155857B718FAC89DEABE9;
			minimizedProjectReferenceProxies = 0;
			packageReferences = (
				D2F1280540494244DDF6FBE2 /* XCRemoteSwiftPackageReference "Sparkle" */,
			);
			preferredProjectObjectVersion = 77;
			productRefGroup = 1D9BC2DA84B1B29530606696 /* Products */;
			projectDirPath = "";
			projectRoot = "";
			targets = (
				8CD7802E91959D81D110B64A /* AutoSwitch */,
				FBFB8F8E09059FB20AF32091 /* AutoSwitchTests */,
			);
		};
/* End PBXProject section */

/* Begin PBXResourcesBuildPhase section */
		02FEAF12D3044DAB8C3B8AC0 /* Resources */ = {
			isa = PBXResourcesBuildPhase;
			buildActionMask = 2147483647;
			files = (
			);
			runOnlyForDeploymentPostprocessing = 0;
		};
		C0E323A38A4048D3C97E823A /* Resources */ = {
			isa = PBXResourcesBuildPhase;
			buildActionMask = 2147483647;
			files = (
				B2503013D1F5FF8755EF531A /* Assets.xcassets in Resources */,
				CFC8C1E723C20B6ACED66BE3 /* AutoSwitchIcon.icns in Resources */,
			);
			runOnlyForDeploymentPostprocessing = 0;
		};
/* End PBXResourcesBuildPhase section */

/* Begin PBXSourcesBuildPhase section */
		209ADD8D48CD8323D0066DFF /* Sources */ = {
			isa = PBXSourcesBuildPhase;
			buildActionMask = 2147483647;
			files = (
				A72707A384CD397A24AA0C3C /* AutoSwitchApp.swift in Sources */,
				62192CA15D09D9B972FD964D /* AppDelegate.swift in Sources */,
				C1C0371B8233B38CD939942E /* AppState.swift in Sources */,
				3B5161A5CEFD335517ACE734 /* LaunchContext.swift in Sources */,
				26F742FFD58970D58616A392 /* SingleInstanceCoordinator.swift in Sources */,
				2F589D5291A77D8AD92440A4 /* StatusBarController.swift in Sources */,
				EC4FA99EEC618045E6FD35F4 /* AppRule.swift in Sources */,
				2BFDCE7437DB0903F8413B45 /* BuiltinSpotlightBundles.swift in Sources */,
				707D6EE15B6B33F9E38DC731 /* Config.swift in Sources */,
				6A5590D0B7C6BDE8BD494094 /* ConfigStore.swift in Sources */,
				6BB1FD1C0BA3C5C53EC9F08C /* FocusCoordinator.swift in Sources */,
				8DA189711880535E87D33DE0 /* RuleEngine.swift in Sources */,
				EF8A4D607B6BED8ECBA4369C /* ShellPromptDetector.swift in Sources */,
				6F0E82C762D428FB21DDE961 /* SlashTriggerMonitor.swift in Sources */,
				01132BB2E9D3CF5036C486C6 /* SwitchScheduler.swift in Sources */,
				9C5E0F38853DCD527367DBD1 /* TransientEnglishMonitor.swift in Sources */,
				969F97B1D4F2D3F327CFFD42 /* InputSource.swift in Sources */,
				13907089BBA04931190F08C5 /* InputSourceClassifier.swift in Sources */,
				03273CDA48BE9F71AF0BAD2C /* InputSourceController.swift in Sources */,
				D753F430AB533F6EC78094E6 /* AppActivationMonitor.swift in Sources */,
				B18D175D8821895E6339B4AB /* AXTextReader.swift in Sources */,
				FA7EBC12FC4215F04B5F55EA /* CaretContextProbe.swift in Sources */,
				EA7D6B8F5452F53910493737 /* FocusedElementMonitor.swift in Sources */,
				CC8618A40810AF53E3A321A7 /* FocusEvent.swift in Sources */,
				03E40D1794D799F9FD292F69 /* KeyboardEventHub.swift in Sources */,
				F2AF162D3875B7665E9EBF95 /* LockScreenMonitor.swift in Sources */,
				96A3C8624DC178C39B7E0267 /* SpotlightPanelMonitor.swift in Sources */,
				D3FB8E5A95D53E4D2941C9DC /* VisibilityDiff.swift in Sources */,
				0E84BFC0D5418C9849C39326 /* DocumentSwitchChecker.swift in Sources */,
				82ED171A56C5855C58B9B318 /* LoginItemManager.swift in Sources */,
				78131F4A459E4267CE98BFA4 /* PermissionsManager.swift in Sources */,
				94FEA458BD0069B34B785316 /* SystemSettingsLinks.swift in Sources */,
				29741C8F5DC20035DB73B548 /* UpdaterController.swift in Sources */,
				3CD99170E9A3C04579E87A2B /* AppRulesTab.swift in Sources */,
				5F83FF0B7AA6698463D3E458 /* InputSourcePicker.swift in Sources */,
				F17F95A5D9D986458670779C /* StatusPill.swift in Sources */,
				D4FEFA2D64EDD3C8082FBC6E /* SystemActionButton.swift in Sources */,
				8B516C827148D34C5A68373E /* GeneralTab.swift in Sources */,
				2A22E2E818904D257D5C38C2 /* RunningAppsPicker.swift in Sources */,
				0B3D244F51ABFFE67E78828E /* SettingsScene.swift in Sources */,
				1F3D136DA974BB909EC7C9B4 /* SpotlightTab.swift in Sources */,
			);
			runOnlyForDeploymentPostprocessing = 0;
		};
		FEDA8153A0685CF2CAEA2D60 /* Sources */ = {
			isa = PBXSourcesBuildPhase;
			buildActionMask = 2147483647;
			files = (
				372BB640F7BBA78FF56B3D13 /* RuleEngineTests.swift in Sources */,
				F6AA95B5470405CB046D7428 /* ShellPromptDetectorTests.swift in Sources */,
				C16089F07BD7301845BCCF2F /* SwitchSchedulerTests.swift in Sources */,
				4268643878082536534BDE14 /* ConfigStoreTests.swift in Sources */,
				E2161D8A1574A53A623BC254 /* AppStateWindowSizingTests.swift in Sources */,
				DA1461B865CAC2D391ED7905 /* LaunchContextTests.swift in Sources */,
				13C55472711393340E0BE8D5 /* FocusCoordinatorTests.swift in Sources */,
				59BFFA4C52A6D80745CB64CD /* VisibilityDiffTests.swift in Sources */,
				37DD6757ABF17B37DE5C649D /* KeyboardEventHubTests.swift in Sources */,
				C52965789B9032183AF585C9 /* InputSourceClassifierTests.swift in Sources */,
			);
			runOnlyForDeploymentPostprocessing = 0;
		};
/* End PBXSourcesBuildPhase section */

/* Begin PBXTargetDependency section */
		2EB6909376C5AD05B714F8BE /* PBXTargetDependency */ = {
			isa = PBXTargetDependency;
			name = AutoSwitch;
			target = 8CD7802E91959D81D110B64A /* AutoSwitch */;
			targetProxy = B7CC650B09242F1A4BF50608 /* PBXContainerItemProxy */;
		};
/* End PBXTargetDependency section */

/* Begin XCBuildConfiguration section */
		38402E4D6516AF9D4CAF1893 /* Debug */ = {
			isa = XCBuildConfiguration;
			buildSettings = {
				ALWAYS_SEARCH_USER_PATHS = NO;
				CLANG_ANALYZER_NONNULL = YES;
				CLANG_ANALYZER_NUMBER_OBJECT_CONVERSION = YES_AGGRESSIVE;
				CLANG_CXX_LANGUAGE_STANDARD = "gnu++14";
				CLANG_CXX_LIBRARY = "libc++";
				CLANG_ENABLE_MODULES = YES;
				CLANG_ENABLE_OBJC_ARC = YES;
				CLANG_ENABLE_OBJC_WEAK = YES;
				CLANG_WARN_BLOCK_CAPTURE_AUTORELEASING = YES;
				CLANG_WARN_BOOL_CONVERSION = YES;
				CLANG_WARN_COMMA = YES;
				CLANG_WARN_CONSTANT_CONVERSION = YES;
				CLANG_WARN_DEPRECATED_OBJC_IMPLEMENTATIONS = YES;
				CLANG_WARN_DIRECT_OBJC_ISA_USAGE = YES_ERROR;
				CLANG_WARN_DOCUMENTATION_COMMENTS = YES;
				CLANG_WARN_EMPTY_BODY = YES;
				CLANG_WARN_ENUM_CONVERSION = YES;
				CLANG_WARN_INFINITE_RECURSION = YES;
				CLANG_WARN_INT_CONVERSION = YES;
				CLANG_WARN_NON_LITERAL_NULL_CONVERSION = YES;
				CLANG_WARN_OBJC_IMPLICIT_RETAIN_SELF = YES;
				CLANG_WARN_OBJC_LITERAL_CONVERSION = YES;
				CLANG_WARN_OBJC_ROOT_CLASS = YES_ERROR;
				CLANG_WARN_QUOTED_INCLUDE_IN_FRAMEWORK_HEADER = YES;
				CLANG_WARN_RANGE_LOOP_ANALYSIS = YES;
				CLANG_WARN_STRICT_PROTOTYPES = YES;
				CLANG_WARN_SUSPICIOUS_MOVE = YES;
				CLANG_WARN_UNGUARDED_AVAILABILITY = YES_AGGRESSIVE;
				CLANG_WARN_UNREACHABLE_CODE = YES;
				CLANG_WARN__DUPLICATE_METHOD_MATCH = YES;
				COPY_PHASE_STRIP = NO;
				DEBUG_INFORMATION_FORMAT = dwarf;
				ENABLE_STRICT_OBJC_MSGSEND = YES;
				ENABLE_TESTABILITY = YES;
				GCC_C_LANGUAGE_STANDARD = gnu11;
				GCC_DYNAMIC_NO_PIC = NO;
				GCC_NO_COMMON_BLOCKS = YES;
				GCC_OPTIMIZATION_LEVEL = 0;
				GCC_PREPROCESSOR_DEFINITIONS = (
					"DEBUG=1",
					"$(inherited)",
				);
				GCC_WARN_64_TO_32_BIT_CONVERSION = YES;
				GCC_WARN_ABOUT_RETURN_TYPE = YES_ERROR;
				GCC_WARN_UNDECLARED_SELECTOR = YES;
				GCC_WARN_UNINITIALIZED_AUTOS = YES_AGGRESSIVE;
				GCC_WARN_UNUSED_FUNCTION = YES;
				GCC_WARN_UNUSED_VARIABLE = YES;
				MTL_ENABLE_DEBUG_INFO = INCLUDE_SOURCE;
				MTL_FAST_MATH = YES;
				ONLY_ACTIVE_ARCH = YES;
				PRODUCT_NAME = "$(TARGET_NAME)";
				SWIFT_ACTIVE_COMPILATION_CONDITIONS = DEBUG;
				SWIFT_OPTIMIZATION_LEVEL = "-Onone";
				SWIFT_VERSION = 5.0;
			};
			name = Debug;
		};
		57E24E21772F8AA77B993279 /* Debug */ = {
			isa = XCBuildConfiguration;
			buildSettings = {
				ARCHS = arm64;
				BUNDLE_LOADER = "$(TEST_HOST)";
				CODE_SIGNING_ALLOWED = NO;
				CODE_SIGNING_REQUIRED = NO;
				CODE_SIGN_IDENTITY = "-";
				CODE_SIGN_STYLE = Manual;
				CURRENT_PROJECT_VERSION = 8;
				DEVELOPMENT_TEAM = "";
				ENABLE_STRICT_CONCURRENCY = YES;
				ENABLE_TESTABILITY = YES;
				GENERATE_INFOPLIST_FILE = YES;
				MACOSX_DEPLOYMENT_TARGET = 15.0;
				MARKETING_VERSION = 0.2.1;
				PRODUCT_BUNDLE_IDENTIFIER = dev.autoswitch.AutoSwitchTests;
				SDKROOT = macosx;
				SWIFT_VERSION = 6.0;
				TEST_HOST = "$(BUILT_PRODUCTS_DIR)/$(TEST_HOST_APP_NAME).app/Contents/MacOS/$(TEST_HOST_APP_NAME)";
				TEST_HOST_APP_NAME = AutoSwitchDEV;
			};
			name = Debug;
		};
		A124380D9273938FDF83A36C /* Release */ = {
			isa = XCBuildConfiguration;
			buildSettings = {
				APP_DISPLAY_NAME = AutoSwitch;
				ARCHS = arm64;
				CODE_SIGNING_ALLOWED = NO;
				CODE_SIGNING_REQUIRED = NO;
				CODE_SIGN_IDENTITY = "-";
				CODE_SIGN_STYLE = Manual;
				COMBINE_HIDPI_IMAGES = YES;
				CURRENT_PROJECT_VERSION = 8;
				DEAD_CODE_STRIPPING = YES;
				DEVELOPMENT_TEAM = "";
				ENABLE_STRICT_CONCURRENCY = YES;
				GENERATE_INFOPLIST_FILE = NO;
				INFOPLIST_FILE = AutoSwitch/App/Info.plist;
				LD_RUNPATH_SEARCH_PATHS = (
					"$(inherited)",
					"@executable_path/../Frameworks",
				);
				MACOSX_DEPLOYMENT_TARGET = 15.0;
				MARKETING_VERSION = 0.2.1;
				PRODUCT_BUNDLE_IDENTIFIER = dev.autoswitch.AutoSwitch;
				PRODUCT_MODULE_NAME = AutoSwitch;
				PRODUCT_NAME = AutoSwitch;
				SDKROOT = macosx;
				SWIFT_EMIT_LOC_STRINGS = YES;
				SWIFT_VERSION = 6.0;
			};
			name = Release;
		};
		A2FD8500FE40C8DE2A5FC9D2 /* Debug */ = {
			isa = XCBuildConfiguration;
			buildSettings = {
				APP_DISPLAY_NAME = "AutoSwitch DEV";
				ARCHS = arm64;
				CODE_SIGNING_ALLOWED = NO;
				CODE_SIGNING_REQUIRED = NO;
				CODE_SIGN_IDENTITY = "-";
				CODE_SIGN_STYLE = Manual;
				COMBINE_HIDPI_IMAGES = YES;
				CURRENT_PROJECT_VERSION = 8;
				DEAD_CODE_STRIPPING = YES;
				DEVELOPMENT_TEAM = "";
				ENABLE_STRICT_CONCURRENCY = YES;
				GENERATE_INFOPLIST_FILE = NO;
				INFOPLIST_FILE = AutoSwitch/App/Info.plist;
				LD_RUNPATH_SEARCH_PATHS = (
					"$(inherited)",
					"@executable_path/../Frameworks",
				);
				MACOSX_DEPLOYMENT_TARGET = 15.0;
				MARKETING_VERSION = 0.2.1;
				PRODUCT_BUNDLE_IDENTIFIER = dev.autoswitch.AutoSwitchDEV;
				PRODUCT_MODULE_NAME = AutoSwitch;
				PRODUCT_NAME = AutoSwitchDEV;
				SDKROOT = macosx;
				SWIFT_EMIT_LOC_STRINGS = YES;
				SWIFT_VERSION = 6.0;
			};
			name = Debug;
		};
		E2FC01693D27E58B84342851 /* Release */ = {
			isa = XCBuildConfiguration;
			buildSettings = {
				ALWAYS_SEARCH_USER_PATHS = NO;
				CLANG_ANALYZER_NONNULL = YES;
				CLANG_ANALYZER_NUMBER_OBJECT_CONVERSION = YES_AGGRESSIVE;
				CLANG_CXX_LANGUAGE_STANDARD = "gnu++14";
				CLANG_CXX_LIBRARY = "libc++";
				CLANG_ENABLE_MODULES = YES;
				CLANG_ENABLE_OBJC_ARC = YES;
				CLANG_ENABLE_OBJC_WEAK = YES;
				CLANG_WARN_BLOCK_CAPTURE_AUTORELEASING = YES;
				CLANG_WARN_BOOL_CONVERSION = YES;
				CLANG_WARN_COMMA = YES;
				CLANG_WARN_CONSTANT_CONVERSION = YES;
				CLANG_WARN_DEPRECATED_OBJC_IMPLEMENTATIONS = YES;
				CLANG_WARN_DIRECT_OBJC_ISA_USAGE = YES_ERROR;
				CLANG_WARN_DOCUMENTATION_COMMENTS = YES;
				CLANG_WARN_EMPTY_BODY = YES;
				CLANG_WARN_ENUM_CONVERSION = YES;
				CLANG_WARN_INFINITE_RECURSION = YES;
				CLANG_WARN_INT_CONVERSION = YES;
				CLANG_WARN_NON_LITERAL_NULL_CONVERSION = YES;
				CLANG_WARN_OBJC_IMPLICIT_RETAIN_SELF = YES;
				CLANG_WARN_OBJC_LITERAL_CONVERSION = YES;
				CLANG_WARN_OBJC_ROOT_CLASS = YES_ERROR;
				CLANG_WARN_QUOTED_INCLUDE_IN_FRAMEWORK_HEADER = YES;
				CLANG_WARN_RANGE_LOOP_ANALYSIS = YES;
				CLANG_WARN_STRICT_PROTOTYPES = YES;
				CLANG_WARN_SUSPICIOUS_MOVE = YES;
				CLANG_WARN_UNGUARDED_AVAILABILITY = YES_AGGRESSIVE;
				CLANG_WARN_UNREACHABLE_CODE = YES;
				CLANG_WARN__DUPLICATE_METHOD_MATCH = YES;
				COPY_PHASE_STRIP = NO;
				DEBUG_INFORMATION_FORMAT = "dwarf-with-dsym";
				ENABLE_NS_ASSERTIONS = NO;
				ENABLE_STRICT_OBJC_MSGSEND = YES;
				GCC_C_LANGUAGE_STANDARD = gnu11;
				GCC_NO_COMMON_BLOCKS = YES;
				GCC_WARN_64_TO_32_BIT_CONVERSION = YES;
				GCC_WARN_ABOUT_RETURN_TYPE = YES_ERROR;
				GCC_WARN_UNDECLARED_SELECTOR = YES;
				GCC_WARN_UNINITIALIZED_AUTOS = YES_AGGRESSIVE;
				GCC_WARN_UNUSED_FUNCTION = YES;
				GCC_WARN_UNUSED_VARIABLE = YES;
				MTL_ENABLE_DEBUG_INFO = NO;
				MTL_FAST_MATH = YES;
				PRODUCT_NAME = "$(TARGET_NAME)";
				SWIFT_COMPILATION_MODE = wholemodule;
				SWIFT_OPTIMIZATION_LEVEL = "-O";
				SWIFT_VERSION = 5.0;
			};
			name = Release;
		};
		E699552ADEC6B141EBB01D24 /* Release */ = {
			isa = XCBuildConfiguration;
			buildSettings = {
				ARCHS = arm64;
				BUNDLE_LOADER = "$(TEST_HOST)";
				CODE_SIGNING_ALLOWED = NO;
				CODE_SIGNING_REQUIRED = NO;
				CODE_SIGN_IDENTITY = "-";
				CODE_SIGN_STYLE = Manual;
				CURRENT_PROJECT_VERSION = 8;
				DEVELOPMENT_TEAM = "";
				ENABLE_STRICT_CONCURRENCY = YES;
				ENABLE_TESTABILITY = YES;
				GENERATE_INFOPLIST_FILE = YES;
				MACOSX_DEPLOYMENT_TARGET = 15.0;
				MARKETING_VERSION = 0.2.1;
				PRODUCT_BUNDLE_IDENTIFIER = dev.autoswitch.AutoSwitchTests;
				SDKROOT = macosx;
				SWIFT_VERSION = 6.0;
				TEST_HOST = "$(BUILT_PRODUCTS_DIR)/$(TEST_HOST_APP_NAME).app/Contents/MacOS/$(TEST_HOST_APP_NAME)";
				TEST_HOST_APP_NAME = AutoSwitch;
			};
			name = Release;
		};
/* End XCBuildConfiguration section */

/* Begin XCConfigurationList section */
		4C8C41278ED876C0A990BB77 /* Build configuration list for PBXNativeTarget "AutoSwitchTests" */ = {
			isa = XCConfigurationList;
			buildConfigurations = (
				E699552ADEC6B141EBB01D24 /* Release */,
				57E24E21772F8AA77B993279 /* Debug */,
			);
			defaultConfigurationIsVisible = 0;
			defaultConfigurationName = Release;
		};
		84A74E989E0C70E25822BEE9 /* Build configuration list for PBXProject "AutoSwitch" */ = {
			isa = XCConfigurationList;
			buildConfigurations = (
				38402E4D6516AF9D4CAF1893 /* Debug */,
				E2FC01693D27E58B84342851 /* Release */,
			);
			defaultConfigurationIsVisible = 0;
			defaultConfigurationName = Release;
		};
		D6D7A47DF1220A039EF77488 /* Build configuration list for PBXNativeTarget "AutoSwitch" */ = {
			isa = XCConfigurationList;
			buildConfigurations = (
				A124380D9273938FDF83A36C /* Release */,
				A2FD8500FE40C8DE2A5FC9D2 /* Debug */,
			);
			defaultConfigurationIsVisible = 0;
			defaultConfigurationName = Release;
		};
/* End XCConfigurationList section */

/* Begin XCRemoteSwiftPackageReference section */
		D2F1280540494244DDF6FBE2 /* XCRemoteSwiftPackageReference "Sparkle" */ = {
			isa = XCRemoteSwiftPackageReference;
			repositoryURL = "https://github.com/sparkle-project/Sparkle.git";
			requirement = {
				kind = upToNextMajorVersion;
				minimumVersion = 2.6.0;
			};
		};
/* End XCRemoteSwiftPackageReference section */

/* Begin XCSwiftPackageProductDependency section */
		EFD61C54A51AA3CC96898105 /* Sparkle */ = {
			isa = XCSwiftPackageProductDependency;
			package = D2F1280540494244DDF6FBE2 /* XCRemoteSwiftPackageReference "Sparkle" */;
			productName = Sparkle;
		};
/* End XCSwiftPackageProductDependency section */
	};
	rootObject = E40F85425EAB2AED2B46B5C0 /* Project object */;
}
