// !$*UTF8*$!
{
	archiveVersion = 1;
	classes = {
	};
	objectVersion = 77;
	objects = {

/* Begin PBXBuildFile section */
		021E5D76CE2EF6960C8BB120 /* SpotlightPanelMonitor.swift in Sources */ = {isa = PBXBuildFile; fileRef = F26BF6B8ACCBA0289E3495BD /* SpotlightPanelMonitor.swift */; };
		170BFDC52B68DDF20B010722 /* FocusEvent.swift in Sources */ = {isa = PBXBuildFile; fileRef = 9F510DE308DF914542236AF6 /* FocusEvent.swift */; };
		19C47543EE03D3F6894E0F00 /* VisibilityDiffTests.swift in Sources */ = {isa = PBXBuildFile; fileRef = 59415F8DAF8AF8C8E47AE28C /* VisibilityDiffTests.swift */; };
		1C13CAFD507B853C96A90920 /* Cocoa.framework in Frameworks */ = {isa = PBXBuildFile; fileRef = 69E83A9F142ED86A4D7579E3 /* Cocoa.framework */; };
		1D5C140DB3C95DACBBBAE324 /* GeneralTab.swift in Sources */ = {isa = PBXBuildFile; fileRef = A279D18CB41707B51A5E94DB /* GeneralTab.swift */; };
		1EC1A01ADB9AE5528DBFFE05 /* PermissionsManager.swift in Sources */ = {isa = PBXBuildFile; fileRef = 52EFFE80BA03FF5E4AC9F081 /* PermissionsManager.swift */; };
		29DF367C54034B7CE8E6E1C8 /* SlashTriggerMonitor.swift in Sources */ = {isa = PBXBuildFile; fileRef = 8708B5CBF033F401AB3F7D0F /* SlashTriggerMonitor.swift */; };
		30F0EF115BACF4BDEDCBD976 /* InputSourceClassifier.swift in Sources */ = {isa = PBXBuildFile; fileRef = B388FA0A0A706AD27E9EAA26 /* InputSourceClassifier.swift */; };
		38F99FDB52D47CDE0B4686F3 /* ApplicationServices.framework in Frameworks */ = {isa = PBXBuildFile; fileRef = 79BC01B5E9E15CD66AF73409 /* ApplicationServices.framework */; };
		3AB4C2670F584B6F59C42182 /* Assets.xcassets in Resources */ = {isa = PBXBuildFile; fileRef = 9B540A5B23643415DA3D770D /* Assets.xcassets */; };
		3C05E711410ECB48232EE84C /* AppRule.swift in Sources */ = {isa = PBXBuildFile; fileRef = 4CB4CBCAFAAF53343E41135C /* AppRule.swift */; };
		409E71137AE783B2A99DBFC7 /* XCTest.framework in Frameworks */ = {isa = PBXBuildFile; fileRef = 633D90AFD46710F1D7D6A65D /* XCTest.framework */; };
		501C97D8E85BB5EC51154F62 /* Carbon.framework in Frameworks */ = {isa = PBXBuildFile; fileRef = 31D9E2B54736FF70CE061CCF /* Carbon.framework */; };
		562D170271D1581ECE9CB8F9 /* ConfigStoreTests.swift in Sources */ = {isa = PBXBuildFile; fileRef = 85857D125F0FCC856E252A68 /* ConfigStoreTests.swift */; };
		5B705375BE08ACEA8B10E23E /* RunningAppsPicker.swift in Sources */ = {isa = PBXBuildFile; fileRef = A97968AAC738A94B68C18F38 /* RunningAppsPicker.swift */; };
		6E8BBAA601770C7A3051A780 /* FocusCoordinatorTests.swift in Sources */ = {isa = PBXBuildFile; fileRef = 495F8C34E0D4F4E5B5FF1AAC /* FocusCoordinatorTests.swift */; };
		6F2445786ED44C4907C1A345 /* UpdaterController.swift in Sources */ = {isa = PBXBuildFile; fileRef = 91C2C35B820EEDA513475DA9 /* UpdaterController.swift */; };
		6FE96286EEC35EA9D5E1EF62 /* InputSource.swift in Sources */ = {isa = PBXBuildFile; fileRef = 6F0A5E762CAB02273F82ACC3 /* InputSource.swift */; };
		7099CF7809CF2EEE981CE3E3 /* LaunchContextTests.swift in Sources */ = {isa = PBXBuildFile; fileRef = 898459D39C0EAA5D6D8ABEA1 /* LaunchContextTests.swift */; };
		75E60F11B132152B48ADE461 /* AppState.swift in Sources */ = {isa = PBXBuildFile; fileRef = 30D22F49675826E8E5F36C25 /* AppState.swift */; };
		764F7AF5A6AA604EBF18C9AA /* Foundation.framework in Frameworks */ = {isa = PBXBuildFile; fileRef = 42880581E7F4CA4B2A1549DC /* Foundation.framework */; };
		76B880F43E865F3765C06D6E /* ServiceManagement.framework in Frameworks */ = {isa = PBXBuildFile; fileRef = 38A18C96CECDAA010CF243A1 /* ServiceManagement.framework */; };
		7A90689827CDA686E1BEBD73 /* SettingsScene.swift in Sources */ = {isa = PBXBuildFile; fileRef = F3868DBFA33B7E746B0A16E8 /* SettingsScene.swift */; };
		7FFE274682DF584911B6E8ED /* FocusCoordinator.swift in Sources */ = {isa = PBXBuildFile; fileRef = 21E5E6AA39F444C46685888E /* FocusCoordinator.swift */; };
		826A6BFB26CF0C3F7C776F80 /* BuiltinSpotlightBundles.swift in Sources */ = {isa = PBXBuildFile; fileRef = 71D059351B9F34DBA9689585 /* BuiltinSpotlightBundles.swift */; };
		82EB7DA8C840B08BC065C5E2 /* LockScreenMonitor.swift in Sources */ = {isa = PBXBuildFile; fileRef = C8A3F770356598CC2A0F1CDF /* LockScreenMonitor.swift */; };
		869271CC6B08A39A88C37398 /* SystemActionButton.swift in Sources */ = {isa = PBXBuildFile; fileRef = DDA9D6CC2404E0F5A6D2EF3B /* SystemActionButton.swift */; };
		87AC628FFBC22F28AF29EC2A /* AutoSwitchApp.swift in Sources */ = {isa = PBXBuildFile; fileRef = E20E5E5FAE8B0D8070C7D8F0 /* AutoSwitchApp.swift */; };
		888F038CE6B4EEA6ED783466 /* RuleEngine.swift in Sources */ = {isa = PBXBuildFile; fileRef = C6461949A178E010FA8E7F46 /* RuleEngine.swift */; };
		8B8D93ED748A91CCA23769B2 /* SystemSettingsLinks.swift in Sources */ = {isa = PBXBuildFile; fileRef = 0A1F5C859BD881055B421B69 /* SystemSettingsLinks.swift */; };
		8B9117FE18132AEA6A4B16B4 /* Config.swift in Sources */ = {isa = PBXBuildFile; fileRef = F491B7CFB426577F61892D7B /* Config.swift */; };
		8FD151810CE901992DA22683 /* ConfigStore.swift in Sources */ = {isa = PBXBuildFile; fileRef = 6B63D05363A8B67DF8DC79D6 /* ConfigStore.swift */; };
		94EF059703885A7857E1ED8A /* VisibilityDiff.swift in Sources */ = {isa = PBXBuildFile; fileRef = CA74E2C71AC470F45FD11863 /* VisibilityDiff.swift */; };
		95C2FB2596EA7AA252639D9D /* ShellPromptDetector.swift in Sources */ = {isa = PBXBuildFile; fileRef = 809AF7C7392525239BE44853 /* ShellPromptDetector.swift */; };
		9E5F3809BA9C72AC5FD8A480 /* TransientEnglishMonitor.swift in Sources */ = {isa = PBXBuildFile; fileRef = A167C70BE354036AD42E3CF6 /* TransientEnglishMonitor.swift */; };
		9F1FEB1D34601D5AD29CD6DE /* DocumentSwitchChecker.swift in Sources */ = {isa = PBXBuildFile; fileRef = 24A78A7D4079EA8F34E651BF /* DocumentSwitchChecker.swift */; };
		A68BE1C749D8C399E608515B /* AppDelegate.swift in Sources */ = {isa = PBXBuildFile; fileRef = 0C03C6EB3C258D2C6398647A /* AppDelegate.swift */; };
		A7257EFF7A03BCAAAF797251 /* LoginItemManager.swift in Sources */ = {isa = PBXBuildFile; fileRef = 7844FC3E211CDBECC5BDC249 /* LoginItemManager.swift */; };
		B6DB7739E7589E4BC9D275BE /* AppStateWindowSizingTests.swift in Sources */ = {isa = PBXBuildFile; fileRef = DD64BB83B8759D7B6E1C57F8 /* AppStateWindowSizingTests.swift */; };
		B908126C61CBAC7F98CAF64E /* SingleInstanceCoordinator.swift in Sources */ = {isa = PBXBuildFile; fileRef = 11D0D5DB3E08F013887D23B6 /* SingleInstanceCoordinator.swift */; };
		B9A47A1985198A0BC9419432 /* StatusBarController.swift in Sources */ = {isa = PBXBuildFile; fileRef = CE2A8DD8DBD3EEC188980989 /* StatusBarController.swift */; };
		B9FC29EA6759EF870EB67495 /* SwitchSchedulerTests.swift in Sources */ = {isa = PBXBuildFile; fileRef = F87A177B3256741E801F395C /* SwitchSchedulerTests.swift */; };
		C0622D42597B0594B40D879C /* InputSourcePicker.swift in Sources */ = {isa = PBXBuildFile; fileRef = 9CECF27F784EFE02BEEB038E /* InputSourcePicker.swift */; };
		C1072B75DAA2B5B25406678F /* Cocoa.framework in Frameworks */ = {isa = PBXBuildFile; fileRef = 69E83A9F142ED86A4D7579E3 /* Cocoa.framework */; };
		C2E660691CDC015EDF2867A3 /* RuleEngineTests.swift in Sources */ = {isa = PBXBuildFile; fileRef = 05EF8E9F37FD6DCE7F4CCBF0 /* RuleEngineTests.swift */; };
		C6C6931E52940BB727D810C5 /* InputSourceController.swift in Sources */ = {isa = PBXBuildFile; fileRef = 89B0275BB8791CA0644D0206 /* InputSourceController.swift */; };
		CE3A3074F3D3116AD2388367 /* SwiftUI.framework in Frameworks */ = {isa = PBXBuildFile; fileRef = 3003E2D9919D4DB77D0E6FB7 /* SwiftUI.framework */; };
		CFDF3B301624F36AAA2A181A /* Foundation.framework in Frameworks */ = {isa = PBXBuildFile; fileRef = 42880581E7F4CA4B2A1549DC /* Foundation.framework */; };
		D5D0ABB68392D04305FFBD83 /* AppActivationMonitor.swift in Sources */ = {isa = PBXBuildFile; fileRef = 4159DC9B41EAF95E9ECEECC8 /* AppActivationMonitor.swift */; };
		E3CA60BE46885E9F27AEB50A /* FocusedElementMonitor.swift in Sources */ = {isa = PBXBuildFile; fileRef = 4F1A85D98830E14A8DA4E05D /* FocusedElementMonitor.swift */; };
		E5F4A5BD097698CE80A7F82A /* SwitchScheduler.swift in Sources */ = {isa = PBXBuildFile; fileRef = F3B4C41D742EB7498EC36845 /* SwitchScheduler.swift */; };
		EDA05851FF27F3BA354B83CA /* SpotlightTab.swift in Sources */ = {isa = PBXBuildFile; fileRef = 60AF9E21418883A3F9A8CA7F /* SpotlightTab.swift */; };
		EE567FC4B1C9DF0D7B1DCAAF /* AppKit.framework in Frameworks */ = {isa = PBXBuildFile; fileRef = C37D3E101E9E9EE89A50A521 /* AppKit.framework */; };
		F9001E87E446D86D764321A3 /* StatusPill.swift in Sources */ = {isa = PBXBuildFile; fileRef = 49C2DE22C6FEB99219E1C8E1 /* StatusPill.swift */; };
		F962E00C117C97282CBE52A7 /* LaunchContext.swift in Sources */ = {isa = PBXBuildFile; fileRef = 9437BE39A4F3CBE785DC9389 /* LaunchContext.swift */; };
		FA14F066B4CC33B2F6E6E75D /* ShellPromptDetectorTests.swift in Sources */ = {isa = PBXBuildFile; fileRef = 80457F6C57FD8754A69F2E27 /* ShellPromptDetectorTests.swift */; };
		FB7201272A349803EC9585C7 /* AppRulesTab.swift in Sources */ = {isa = PBXBuildFile; fileRef = B7C21C2244B0E4239EB8F5E6 /* AppRulesTab.swift */; };
/* End PBXBuildFile section */

/* Begin PBXContainerItemProxy section */
		FEED51694E0BFF344C58D02C /* PBXContainerItemProxy */ = {
			isa = PBXContainerItemProxy;
			containerPortal = CD8E76750166179403290C18 /* Project object */;
			proxyType = 1;
			remoteGlobalIDString = ED7CBF665CBDB411FB2F985E;
			remoteInfo = AutoSwitch;
		};
/* End PBXContainerItemProxy section */

/* Begin PBXFileReference section */
		05EF8E9F37FD6DCE7F4CCBF0 /* RuleEngineTests.swift */ = {isa = PBXFileReference; includeInIndex = 1; lastKnownFileType = sourcecode.swift; path = RuleEngineTests.swift; sourceTree = "<group>"; };
		0A1F5C859BD881055B421B69 /* SystemSettingsLinks.swift */ = {isa = PBXFileReference; includeInIndex = 1; lastKnownFileType = sourcecode.swift; name = SystemSettingsLinks.swift; path = System/SystemSettingsLinks.swift; sourceTree = "<group>"; };
		0C03C6EB3C258D2C6398647A /* AppDelegate.swift */ = {isa = PBXFileReference; includeInIndex = 1; lastKnownFileType = sourcecode.swift; name = AppDelegate.swift; path = App/AppDelegate.swift; sourceTree = "<group>"; };
		11D0D5DB3E08F013887D23B6 /* SingleInstanceCoordinator.swift */ = {isa = PBXFileReference; includeInIndex = 1; lastKnownFileType = sourcecode.swift; name = SingleInstanceCoordinator.swift; path = App/SingleInstanceCoordinator.swift; sourceTree = "<group>"; };
		21BF7550DCB58BF46E5BD570 /* AutoSwitchTests.xctest */ = {isa = PBXFileReference; explicitFileType = wrapper.cfbundle; includeInIndex = 0; path = AutoSwitchTests.xctest; sourceTree = BUILT_PRODUCTS_DIR; };
		21E5E6AA39F444C46685888E /* FocusCoordinator.swift */ = {isa = PBXFileReference; includeInIndex = 1; lastKnownFileType = sourcecode.swift; name = FocusCoordinator.swift; path = Engine/FocusCoordinator.swift; sourceTree = "<group>"; };
		24A78A7D4079EA8F34E651BF /* DocumentSwitchChecker.swift */ = {isa = PBXFileReference; includeInIndex = 1; lastKnownFileType = sourcecode.swift; name = DocumentSwitchChecker.swift; path = System/DocumentSwitchChecker.swift; sourceTree = "<group>"; };
		3003E2D9919D4DB77D0E6FB7 /* SwiftUI.framework */ = {isa = PBXFileReference; lastKnownFileType = wrapper.framework; name = SwiftUI.framework; path = Platforms/MacOSX.platform/Developer/SDKs/MacOSX15.0.sdk/System/Library/Frameworks/SwiftUI.framework; sourceTree = DEVELOPER_DIR; };
		30D22F49675826E8E5F36C25 /* AppState.swift */ = {isa = PBXFileReference; includeInIndex = 1; lastKnownFileType = sourcecode.swift; name = AppState.swift; path = App/AppState.swift; sourceTree = "<group>"; };
		31D9E2B54736FF70CE061CCF /* Carbon.framework */ = {isa = PBXFileReference; lastKnownFileType = wrapper.framework; name = Carbon.framework; path = Platforms/MacOSX.platform/Developer/SDKs/MacOSX15.0.sdk/System/Library/Frameworks/Carbon.framework; sourceTree = DEVELOPER_DIR; };
		38A18C96CECDAA010CF243A1 /* ServiceManagement.framework */ = {isa = PBXFileReference; lastKnownFileType = wrapper.framework; name = ServiceManagement.framework; path = Platforms/MacOSX.platform/Developer/SDKs/MacOSX15.0.sdk/System/Library/Frameworks/ServiceManagement.framework; sourceTree = DEVELOPER_DIR; };
		4159DC9B41EAF95E9ECEECC8 /* AppActivationMonitor.swift */ = {isa = PBXFileReference; includeInIndex = 1; lastKnownFileType = sourcecode.swift; name = AppActivationMonitor.swift; path = Monitor/AppActivationMonitor.swift; sourceTree = "<group>"; };
		42880581E7F4CA4B2A1549DC /* Foundation.framework */ = {isa = PBXFileReference; lastKnownFileType = wrapper.framework; name = Foundation.framework; path = Platforms/MacOSX.platform/Developer/SDKs/MacOSX15.0.sdk/System/Library/Frameworks/Foundation.framework; sourceTree = DEVELOPER_DIR; };
		495F8C34E0D4F4E5B5FF1AAC /* FocusCoordinatorTests.swift */ = {isa = PBXFileReference; includeInIndex = 1; lastKnownFileType = sourcecode.swift; path = FocusCoordinatorTests.swift; sourceTree = "<group>"; };
		49C2DE22C6FEB99219E1C8E1 /* StatusPill.swift */ = {isa = PBXFileReference; includeInIndex = 1; lastKnownFileType = sourcecode.swift; name = StatusPill.swift; path = UI/Components/StatusPill.swift; sourceTree = "<group>"; };
		4CB4CBCAFAAF53343E41135C /* AppRule.swift */ = {isa = PBXFileReference; includeInIndex = 1; lastKnownFileType = sourcecode.swift; name = AppRule.swift; path = Config/AppRule.swift; sourceTree = "<group>"; };
		4F1A85D98830E14A8DA4E05D /* FocusedElementMonitor.swift */ = {isa = PBXFileReference; includeInIndex = 1; lastKnownFileType = sourcecode.swift; name = FocusedElementMonitor.swift; path = Monitor/FocusedElementMonitor.swift; sourceTree = "<group>"; };
		52EFFE80BA03FF5E4AC9F081 /* PermissionsManager.swift */ = {isa = PBXFileReference; includeInIndex = 1; lastKnownFileType = sourcecode.swift; name = PermissionsManager.swift; path = System/PermissionsManager.swift; sourceTree = "<group>"; };
		59415F8DAF8AF8C8E47AE28C /* VisibilityDiffTests.swift */ = {isa = PBXFileReference; includeInIndex = 1; lastKnownFileType = sourcecode.swift; path = VisibilityDiffTests.swift; sourceTree = "<group>"; };
		60AF9E21418883A3F9A8CA7F /* SpotlightTab.swift */ = {isa = PBXFileReference; includeInIndex = 1; lastKnownFileType = sourcecode.swift; name = SpotlightTab.swift; path = UI/SpotlightTab.swift; sourceTree = "<group>"; };
		633D90AFD46710F1D7D6A65D /* XCTest.framework */ = {isa = PBXFileReference; lastKnownFileType = wrapper.framework; name = XCTest.framework; path = Platforms/MacOSX.platform/Developer/SDKs/MacOSX15.0.sdk/System/Library/Frameworks/XCTest.framework; sourceTree = DEVELOPER_DIR; };
		69E83A9F142ED86A4D7579E3 /* Cocoa.framework */ = {isa = PBXFileReference; lastKnownFileType = wrapper.framework; name = Cocoa.framework; path = Platforms/MacOSX.platform/Developer/SDKs/MacOSX15.0.sdk/System/Library/Frameworks/Cocoa.framework; sourceTree = DEVELOPER_DIR; };
		6B63D05363A8B67DF8DC79D6 /* ConfigStore.swift */ = {isa = PBXFileReference; includeInIndex = 1; lastKnownFileType = sourcecode.swift; name = ConfigStore.swift; path = Config/ConfigStore.swift; sourceTree = "<group>"; };
		6F0A5E762CAB02273F82ACC3 /* InputSource.swift */ = {isa = PBXFileReference; includeInIndex = 1; lastKnownFileType = sourcecode.swift; name = InputSource.swift; path = InputSource/InputSource.swift; sourceTree = "<group>"; };
		71D059351B9F34DBA9689585 /* BuiltinSpotlightBundles.swift */ = {isa = PBXFileReference; includeInIndex = 1; lastKnownFileType = sourcecode.swift; name = BuiltinSpotlightBundles.swift; path = Config/BuiltinSpotlightBundles.swift; sourceTree = "<group>"; };
		7844FC3E211CDBECC5BDC249 /* LoginItemManager.swift */ = {isa = PBXFileReference; includeInIndex = 1; lastKnownFileType = sourcecode.swift; name = LoginItemManager.swift; path = System/LoginItemManager.swift; sourceTree = "<group>"; };
		79BC01B5E9E15CD66AF73409 /* ApplicationServices.framework */ = {isa = PBXFileReference; lastKnownFileType = wrapper.framework; name = ApplicationServices.framework; path = Platforms/MacOSX.platform/Developer/SDKs/MacOSX15.0.sdk/System/Library/Frameworks/ApplicationServices.framework; sourceTree = DEVELOPER_DIR; };
		80457F6C57FD8754A69F2E27 /* ShellPromptDetectorTests.swift */ = {isa = PBXFileReference; includeInIndex = 1; lastKnownFileType = sourcecode.swift; path = ShellPromptDetectorTests.swift; sourceTree = "<group>"; };
		809AF7C7392525239BE44853 /* ShellPromptDetector.swift */ = {isa = PBXFileReference; includeInIndex = 1; lastKnownFileType = sourcecode.swift; name = ShellPromptDetector.swift; path = Engine/ShellPromptDetector.swift; sourceTree = "<group>"; };
		824AA5DB163822F8061C1590 /* Info.plist */ = {isa = PBXFileReference; includeInIndex = 1; lastKnownFileType = text.plist.xml; name = Info.plist; path = App/Info.plist; sourceTree = "<group>"; };
		85857D125F0FCC856E252A68 /* ConfigStoreTests.swift */ = {isa = PBXFileReference; includeInIndex = 1; lastKnownFileType = sourcecode.swift; path = ConfigStoreTests.swift; sourceTree = "<group>"; };
		8708B5CBF033F401AB3F7D0F /* SlashTriggerMonitor.swift */ = {isa = PBXFileReference; includeInIndex = 1; lastKnownFileType = sourcecode.swift; name = SlashTriggerMonitor.swift; path = Engine/SlashTriggerMonitor.swift; sourceTree = "<group>"; };
		898459D39C0EAA5D6D8ABEA1 /* LaunchContextTests.swift */ = {isa = PBXFileReference; includeInIndex = 1; lastKnownFileType = sourcecode.swift; path = LaunchContextTests.swift; sourceTree = "<group>"; };
		89B0275BB8791CA0644D0206 /* InputSourceController.swift */ = {isa = PBXFileReference; includeInIndex = 1; lastKnownFileType = sourcecode.swift; name = InputSourceController.swift; path = InputSource/InputSourceController.swift; sourceTree = "<group>"; };
		91C2C35B820EEDA513475DA9 /* UpdaterController.swift */ = {isa = PBXFileReference; includeInIndex = 1; lastKnownFileType = sourcecode.swift; name = UpdaterController.swift; path = Update/UpdaterController.swift; sourceTree = "<group>"; };
		9437BE39A4F3CBE785DC9389 /* LaunchContext.swift */ = {isa = PBXFileReference; includeInIndex = 1; lastKnownFileType = sourcecode.swift; name = LaunchContext.swift; path = App/LaunchContext.swift; sourceTree = "<group>"; };
		9B540A5B23643415DA3D770D /* Assets.xcassets */ = {isa = PBXFileReference; includeInIndex = 1; lastKnownFileType = folder.assetcatalog; path = Assets.xcassets; sourceTree = "<group>"; };
		9CECF27F784EFE02BEEB038E /* InputSourcePicker.swift */ = {isa = PBXFileReference; includeInIndex = 1; lastKnownFileType = sourcecode.swift; name = InputSourcePicker.swift; path = UI/Components/InputSourcePicker.swift; sourceTree = "<group>"; };
		9F510DE308DF914542236AF6 /* FocusEvent.swift */ = {isa = PBXFileReference; includeInIndex = 1; lastKnownFileType = sourcecode.swift; name = FocusEvent.swift; path = Monitor/FocusEvent.swift; sourceTree = "<group>"; };
		A167C70BE354036AD42E3CF6 /* TransientEnglishMonitor.swift */ = {isa = PBXFileReference; includeInIndex = 1; lastKnownFileType = sourcecode.swift; name = TransientEnglishMonitor.swift; path = Engine/TransientEnglishMonitor.swift; sourceTree = "<group>"; };
		A279D18CB41707B51A5E94DB /* GeneralTab.swift */ = {isa = PBXFileReference; includeInIndex = 1; lastKnownFileType = sourcecode.swift; name = GeneralTab.swift; path = UI/GeneralTab.swift; sourceTree = "<group>"; };
		A97968AAC738A94B68C18F38 /* RunningAppsPicker.swift */ = {isa = PBXFileReference; includeInIndex = 1; lastKnownFileType = sourcecode.swift; name = RunningAppsPicker.swift; path = UI/RunningAppsPicker.swift; sourceTree = "<group>"; };
		B388FA0A0A706AD27E9EAA26 /* InputSourceClassifier.swift */ = {isa = PBXFileReference; includeInIndex = 1; lastKnownFileType = sourcecode.swift; name = InputSourceClassifier.swift; path = InputSource/InputSourceClassifier.swift; sourceTree = "<group>"; };
		B7C21C2244B0E4239EB8F5E6 /* AppRulesTab.swift */ = {isa = PBXFileReference; includeInIndex = 1; lastKnownFileType = sourcecode.swift; name = AppRulesTab.swift; path = UI/AppRulesTab.swift; sourceTree = "<group>"; };
		C37D3E101E9E9EE89A50A521 /* AppKit.framework */ = {isa = PBXFileReference; lastKnownFileType = wrapper.framework; name = AppKit.framework; path = Platforms/MacOSX.platform/Developer/SDKs/MacOSX15.0.sdk/System/Library/Frameworks/AppKit.framework; sourceTree = DEVELOPER_DIR; };
		C6461949A178E010FA8E7F46 /* RuleEngine.swift */ = {isa = PBXFileReference; includeInIndex = 1; lastKnownFileType = sourcecode.swift; name = RuleEngine.swift; path = Engine/RuleEngine.swift; sourceTree = "<group>"; };
		C8A3F770356598CC2A0F1CDF /* LockScreenMonitor.swift */ = {isa = PBXFileReference; includeInIndex = 1; lastKnownFileType = sourcecode.swift; name = LockScreenMonitor.swift; path = Monitor/LockScreenMonitor.swift; sourceTree = "<group>"; };
		CA74E2C71AC470F45FD11863 /* VisibilityDiff.swift */ = {isa = PBXFileReference; includeInIndex = 1; lastKnownFileType = sourcecode.swift; name = VisibilityDiff.swift; path = Monitor/VisibilityDiff.swift; sourceTree = "<group>"; };
		CE2A8DD8DBD3EEC188980989 /* StatusBarController.swift */ = {isa = PBXFileReference; includeInIndex = 1; lastKnownFileType = sourcecode.swift; name = StatusBarController.swift; path = App/StatusBarController.swift; sourceTree = "<group>"; };
		DD64BB83B8759D7B6E1C57F8 /* AppStateWindowSizingTests.swift */ = {isa = PBXFileReference; includeInIndex = 1; lastKnownFileType = sourcecode.swift; path = AppStateWindowSizingTests.swift; sourceTree = "<group>"; };
		DDA9D6CC2404E0F5A6D2EF3B /* SystemActionButton.swift */ = {isa = PBXFileReference; includeInIndex = 1; lastKnownFileType = sourcecode.swift; name = SystemActionButton.swift; path = UI/Components/SystemActionButton.swift; sourceTree = "<group>"; };
		E20E5E5FAE8B0D8070C7D8F0 /* AutoSwitchApp.swift */ = {isa = PBXFileReference; includeInIndex = 1; lastKnownFileType = sourcecode.swift; name = AutoSwitchApp.swift; path = App/AutoSwitchApp.swift; sourceTree = "<group>"; };
		EA37F8AA005E68E74E12FFC2 /* AutoSwitch.app */ = {isa = PBXFileReference; explicitFileType = wrapper.application; includeInIndex = 0; path = AutoSwitch.app; sourceTree = BUILT_PRODUCTS_DIR; };
		F26BF6B8ACCBA0289E3495BD /* SpotlightPanelMonitor.swift */ = {isa = PBXFileReference; includeInIndex = 1; lastKnownFileType = sourcecode.swift; name = SpotlightPanelMonitor.swift; path = Monitor/SpotlightPanelMonitor.swift; sourceTree = "<group>"; };
		F3868DBFA33B7E746B0A16E8 /* SettingsScene.swift */ = {isa = PBXFileReference; includeInIndex = 1; lastKnownFileType = sourcecode.swift; name = SettingsScene.swift; path = UI/SettingsScene.swift; sourceTree = "<group>"; };
		F3B4C41D742EB7498EC36845 /* SwitchScheduler.swift */ = {isa = PBXFileReference; includeInIndex = 1; lastKnownFileType = sourcecode.swift; name = SwitchScheduler.swift; path = Engine/SwitchScheduler.swift; sourceTree = "<group>"; };
		F491B7CFB426577F61892D7B /* Config.swift */ = {isa = PBXFileReference; includeInIndex = 1; lastKnownFileType = sourcecode.swift; name = Config.swift; path = Config/Config.swift; sourceTree = "<group>"; };
		F87A177B3256741E801F395C /* SwitchSchedulerTests.swift */ = {isa = PBXFileReference; includeInIndex = 1; lastKnownFileType = sourcecode.swift; path = SwitchSchedulerTests.swift; sourceTree = "<group>"; };
/* End PBXFileReference section */

/* Begin PBXFrameworksBuildPhase section */
		7B6B7A0D66158BB7D2AB4DA8 /* Frameworks */ = {
			isa = PBXFrameworksBuildPhase;
			buildActionMask = 2147483647;
			files = (
				C1072B75DAA2B5B25406678F /* Cocoa.framework in Frameworks */,
				EE567FC4B1C9DF0D7B1DCAAF /* AppKit.framework in Frameworks */,
				CE3A3074F3D3116AD2388367 /* SwiftUI.framework in Frameworks */,
				501C97D8E85BB5EC51154F62 /* Carbon.framework in Frameworks */,
				38F99FDB52D47CDE0B4686F3 /* ApplicationServices.framework in Frameworks */,
				76B880F43E865F3765C06D6E /* ServiceManagement.framework in Frameworks */,
				764F7AF5A6AA604EBF18C9AA /* Foundation.framework in Frameworks */,
			);
			runOnlyForDeploymentPostprocessing = 0;
		};
		F6C5D9655E0B35AF44A3673C /* Frameworks */ = {
			isa = PBXFrameworksBuildPhase;
			buildActionMask = 2147483647;
			files = (
				1C13CAFD507B853C96A90920 /* Cocoa.framework in Frameworks */,
				409E71137AE783B2A99DBFC7 /* XCTest.framework in Frameworks */,
				CFDF3B301624F36AAA2A181A /* Foundation.framework in Frameworks */,
			);
			runOnlyForDeploymentPostprocessing = 0;
		};
/* End PBXFrameworksBuildPhase section */

/* Begin PBXGroup section */
		096C49C897CF0F947AA74386 = {
			isa = PBXGroup;
			children = (
				DF90E085EE72DB85EEC9C611 /* Products */,
				2B029CC85C6CF652BA1902D9 /* Frameworks */,
				4458EAE812CC839F548E9909 /* AutoSwitch */,
				20A71B931C58B5266C04E51F /* AutoSwitchTests */,
				3A8FFB5091E23B4B03691878 /* Scripts */,
			);
			sourceTree = "<group>";
		};
		20A71B931C58B5266C04E51F /* AutoSwitchTests */ = {
			isa = PBXGroup;
			children = (
				05EF8E9F37FD6DCE7F4CCBF0 /* RuleEngineTests.swift */,
				80457F6C57FD8754A69F2E27 /* ShellPromptDetectorTests.swift */,
				F87A177B3256741E801F395C /* SwitchSchedulerTests.swift */,
				85857D125F0FCC856E252A68 /* ConfigStoreTests.swift */,
				DD64BB83B8759D7B6E1C57F8 /* AppStateWindowSizingTests.swift */,
				898459D39C0EAA5D6D8ABEA1 /* LaunchContextTests.swift */,
				495F8C34E0D4F4E5B5FF1AAC /* FocusCoordinatorTests.swift */,
				59415F8DAF8AF8C8E47AE28C /* VisibilityDiffTests.swift */,
			);
			name = AutoSwitchTests;
			path = AutoSwitchTests;
			sourceTree = "<group>";
		};
		2B029CC85C6CF652BA1902D9 /* Frameworks */ = {
			isa = PBXGroup;
			children = (
				77E3EBBDC72DA523E39120B1 /* OS X */,
			);
			name = Frameworks;
			sourceTree = "<group>";
		};
		3A8FFB5091E23B4B03691878 /* Scripts */ = {
			isa = PBXGroup;
			children = (
			);
			name = Scripts;
			path = Scripts;
			sourceTree = "<group>";
		};
		4458EAE812CC839F548E9909 /* AutoSwitch */ = {
			isa = PBXGroup;
			children = (
				589126F5330B114057A4EBB3 /* Resources */,
				E20E5E5FAE8B0D8070C7D8F0 /* AutoSwitchApp.swift */,
				0C03C6EB3C258D2C6398647A /* AppDelegate.swift */,
				30D22F49675826E8E5F36C25 /* AppState.swift */,
				9437BE39A4F3CBE785DC9389 /* LaunchContext.swift */,
				11D0D5DB3E08F013887D23B6 /* SingleInstanceCoordinator.swift */,
				CE2A8DD8DBD3EEC188980989 /* StatusBarController.swift */,
				4CB4CBCAFAAF53343E41135C /* AppRule.swift */,
				71D059351B9F34DBA9689585 /* BuiltinSpotlightBundles.swift */,
				F491B7CFB426577F61892D7B /* Config.swift */,
				6B63D05363A8B67DF8DC79D6 /* ConfigStore.swift */,
				21E5E6AA39F444C46685888E /* FocusCoordinator.swift */,
				C6461949A178E010FA8E7F46 /* RuleEngine.swift */,
				809AF7C7392525239BE44853 /* ShellPromptDetector.swift */,
				8708B5CBF033F401AB3F7D0F /* SlashTriggerMonitor.swift */,
				F3B4C41D742EB7498EC36845 /* SwitchScheduler.swift */,
				A167C70BE354036AD42E3CF6 /* TransientEnglishMonitor.swift */,
				6F0A5E762CAB02273F82ACC3 /* InputSource.swift */,
				B388FA0A0A706AD27E9EAA26 /* InputSourceClassifier.swift */,
				89B0275BB8791CA0644D0206 /* InputSourceController.swift */,
				4159DC9B41EAF95E9ECEECC8 /* AppActivationMonitor.swift */,
				4F1A85D98830E14A8DA4E05D /* FocusedElementMonitor.swift */,
				9F510DE308DF914542236AF6 /* FocusEvent.swift */,
				C8A3F770356598CC2A0F1CDF /* LockScreenMonitor.swift */,
				F26BF6B8ACCBA0289E3495BD /* SpotlightPanelMonitor.swift */,
				CA74E2C71AC470F45FD11863 /* VisibilityDiff.swift */,
				24A78A7D4079EA8F34E651BF /* DocumentSwitchChecker.swift */,
				7844FC3E211CDBECC5BDC249 /* LoginItemManager.swift */,
				52EFFE80BA03FF5E4AC9F081 /* PermissionsManager.swift */,
				0A1F5C859BD881055B421B69 /* SystemSettingsLinks.swift */,
				91C2C35B820EEDA513475DA9 /* UpdaterController.swift */,
				B7C21C2244B0E4239EB8F5E6 /* AppRulesTab.swift */,
				9CECF27F784EFE02BEEB038E /* InputSourcePicker.swift */,
				49C2DE22C6FEB99219E1C8E1 /* StatusPill.swift */,
				DDA9D6CC2404E0F5A6D2EF3B /* SystemActionButton.swift */,
				A279D18CB41707B51A5E94DB /* GeneralTab.swift */,
				A97968AAC738A94B68C18F38 /* RunningAppsPicker.swift */,
				F3868DBFA33B7E746B0A16E8 /* SettingsScene.swift */,
				60AF9E21418883A3F9A8CA7F /* SpotlightTab.swift */,
				824AA5DB163822F8061C1590 /* Info.plist */,
			);
			name = AutoSwitch;
			path = AutoSwitch;
			sourceTree = "<group>";
		};
		589126F5330B114057A4EBB3 /* Resources */ = {
			isa = PBXGroup;
			children = (
				9B540A5B23643415DA3D770D /* Assets.xcassets */,
			);
			name = Resources;
			path = Resources;
			sourceTree = "<group>";
		};
		77E3EBBDC72DA523E39120B1 /* OS X */ = {
			isa = PBXGroup;
			children = (
				69E83A9F142ED86A4D7579E3 /* Cocoa.framework */,
				C37D3E101E9E9EE89A50A521 /* AppKit.framework */,
				3003E2D9919D4DB77D0E6FB7 /* SwiftUI.framework */,
				31D9E2B54736FF70CE061CCF /* Carbon.framework */,
				79BC01B5E9E15CD66AF73409 /* ApplicationServices.framework */,
				38A18C96CECDAA010CF243A1 /* ServiceManagement.framework */,
				42880581E7F4CA4B2A1549DC /* Foundation.framework */,
				633D90AFD46710F1D7D6A65D /* XCTest.framework */,
			);
			name = "OS X";
			sourceTree = "<group>";
		};
		DF90E085EE72DB85EEC9C611 /* Products */ = {
			isa = PBXGroup;
			children = (
				EA37F8AA005E68E74E12FFC2 /* AutoSwitch.app */,
				21BF7550DCB58BF46E5BD570 /* AutoSwitchTests.xctest */,
			);
			name = Products;
			sourceTree = "<group>";
		};
/* End PBXGroup section */

/* Begin PBXNativeTarget section */
		267223F6144F59A67F73FB50 /* AutoSwitchTests */ = {
			isa = PBXNativeTarget;
			buildConfigurationList = 9CEE555884EC3A7D4EB74709 /* Build configuration list for PBXNativeTarget "AutoSwitchTests" */;
			buildPhases = (
				519F408BA412EB75C7CE9442 /* Sources */,
				F6C5D9655E0B35AF44A3673C /* Frameworks */,
				2D066349D689D8330DFFC78E /* Resources */,
			);
			buildRules = (
			);
			dependencies = (
				4C9CA98B573422EC281D1846 /* PBXTargetDependency */,
			);
			name = AutoSwitchTests;
			productName = AutoSwitchTests;
			productReference = 21BF7550DCB58BF46E5BD570 /* AutoSwitchTests.xctest */;
			productType = "com.apple.product-type.bundle.unit-test";
		};
		ED7CBF665CBDB411FB2F985E /* AutoSwitch */ = {
			isa = PBXNativeTarget;
			buildConfigurationList = D7EF6C59FD83C5C6D513AEDB /* Build configuration list for PBXNativeTarget "AutoSwitch" */;
			buildPhases = (
				5AEC43D54F2DB502FCE4D5A5 /* Sources */,
				7B6B7A0D66158BB7D2AB4DA8 /* Frameworks */,
				5A83F1C17D16E63276B02625 /* Resources */,
			);
			buildRules = (
			);
			dependencies = (
			);
			name = AutoSwitch;
			packageProductDependencies = (
				29E005C00FAA814AFE9FA3AF /* Sparkle */,
			);
			productName = AutoSwitch;
			productReference = EA37F8AA005E68E74E12FFC2 /* AutoSwitch.app */;
			productType = "com.apple.product-type.application";
		};
/* End PBXNativeTarget section */

/* Begin PBXProject section */
		CD8E76750166179403290C18 /* Project object */ = {
			isa = PBXProject;
			attributes = {
				LastSwiftUpdateCheck = 2620;
				LastUpgradeCheck = 2620;
				TargetAttributes = {
				};
			};
			buildConfigurationList = F11703C11B63350D6A2FA79E /* Build configuration list for PBXProject "AutoSwitch" */;
			compatibilityVersion = "Xcode 26.0";
			developmentRegion = "zh-Hans";
			hasScannedForEncodings = 0;
			knownRegions = (
				"zh-Hans",
				Base,
			);
			mainGroup = 096C49C897CF0F947AA74386;
			minimizedProjectReferenceProxies = 0;
			packageReferences = (
				B1EFD892614CF67DC09CB0BD /* XCRemoteSwiftPackageReference "Sparkle" */,
			);
			preferredProjectObjectVersion = 77;
			productRefGroup = DF90E085EE72DB85EEC9C611 /* Products */;
			projectDirPath = "";
			projectRoot = "";
			targets = (
				ED7CBF665CBDB411FB2F985E /* AutoSwitch */,
				267223F6144F59A67F73FB50 /* AutoSwitchTests */,
			);
		};
/* End PBXProject section */

/* Begin PBXResourcesBuildPhase section */
		2D066349D689D8330DFFC78E /* Resources */ = {
			isa = PBXResourcesBuildPhase;
			buildActionMask = 2147483647;
			files = (
			);
			runOnlyForDeploymentPostprocessing = 0;
		};
		5A83F1C17D16E63276B02625 /* Resources */ = {
			isa = PBXResourcesBuildPhase;
			buildActionMask = 2147483647;
			files = (
				3AB4C2670F584B6F59C42182 /* Assets.xcassets in Resources */,
			);
			runOnlyForDeploymentPostprocessing = 0;
		};
/* End PBXResourcesBuildPhase section */

/* Begin PBXSourcesBuildPhase section */
		519F408BA412EB75C7CE9442 /* Sources */ = {
			isa = PBXSourcesBuildPhase;
			buildActionMask = 2147483647;
			files = (
				C2E660691CDC015EDF2867A3 /* RuleEngineTests.swift in Sources */,
				FA14F066B4CC33B2F6E6E75D /* ShellPromptDetectorTests.swift in Sources */,
				B9FC29EA6759EF870EB67495 /* SwitchSchedulerTests.swift in Sources */,
				562D170271D1581ECE9CB8F9 /* ConfigStoreTests.swift in Sources */,
				B6DB7739E7589E4BC9D275BE /* AppStateWindowSizingTests.swift in Sources */,
				7099CF7809CF2EEE981CE3E3 /* LaunchContextTests.swift in Sources */,
				6E8BBAA601770C7A3051A780 /* FocusCoordinatorTests.swift in Sources */,
				19C47543EE03D3F6894E0F00 /* VisibilityDiffTests.swift in Sources */,
			);
			runOnlyForDeploymentPostprocessing = 0;
		};
		5AEC43D54F2DB502FCE4D5A5 /* Sources */ = {
			isa = PBXSourcesBuildPhase;
			buildActionMask = 2147483647;
			files = (
				87AC628FFBC22F28AF29EC2A /* AutoSwitchApp.swift in Sources */,
				A68BE1C749D8C399E608515B /* AppDelegate.swift in Sources */,
				75E60F11B132152B48ADE461 /* AppState.swift in Sources */,
				F962E00C117C97282CBE52A7 /* LaunchContext.swift in Sources */,
				B908126C61CBAC7F98CAF64E /* SingleInstanceCoordinator.swift in Sources */,
				B9A47A1985198A0BC9419432 /* StatusBarController.swift in Sources */,
				3C05E711410ECB48232EE84C /* AppRule.swift in Sources */,
				826A6BFB26CF0C3F7C776F80 /* BuiltinSpotlightBundles.swift in Sources */,
				8B9117FE18132AEA6A4B16B4 /* Config.swift in Sources */,
				8FD151810CE901992DA22683 /* ConfigStore.swift in Sources */,
				7FFE274682DF584911B6E8ED /* FocusCoordinator.swift in Sources */,
				888F038CE6B4EEA6ED783466 /* RuleEngine.swift in Sources */,
				95C2FB2596EA7AA252639D9D /* ShellPromptDetector.swift in Sources */,
				29DF367C54034B7CE8E6E1C8 /* SlashTriggerMonitor.swift in Sources */,
				E5F4A5BD097698CE80A7F82A /* SwitchScheduler.swift in Sources */,
				9E5F3809BA9C72AC5FD8A480 /* TransientEnglishMonitor.swift in Sources */,
				6FE96286EEC35EA9D5E1EF62 /* InputSource.swift in Sources */,
				30F0EF115BACF4BDEDCBD976 /* InputSourceClassifier.swift in Sources */,
				C6C6931E52940BB727D810C5 /* InputSourceController.swift in Sources */,
				D5D0ABB68392D04305FFBD83 /* AppActivationMonitor.swift in Sources */,
				E3CA60BE46885E9F27AEB50A /* FocusedElementMonitor.swift in Sources */,
				170BFDC52B68DDF20B010722 /* FocusEvent.swift in Sources */,
				82EB7DA8C840B08BC065C5E2 /* LockScreenMonitor.swift in Sources */,
				021E5D76CE2EF6960C8BB120 /* SpotlightPanelMonitor.swift in Sources */,
				94EF059703885A7857E1ED8A /* VisibilityDiff.swift in Sources */,
				9F1FEB1D34601D5AD29CD6DE /* DocumentSwitchChecker.swift in Sources */,
				A7257EFF7A03BCAAAF797251 /* LoginItemManager.swift in Sources */,
				1EC1A01ADB9AE5528DBFFE05 /* PermissionsManager.swift in Sources */,
				8B8D93ED748A91CCA23769B2 /* SystemSettingsLinks.swift in Sources */,
				6F2445786ED44C4907C1A345 /* UpdaterController.swift in Sources */,
				FB7201272A349803EC9585C7 /* AppRulesTab.swift in Sources */,
				C0622D42597B0594B40D879C /* InputSourcePicker.swift in Sources */,
				F9001E87E446D86D764321A3 /* StatusPill.swift in Sources */,
				869271CC6B08A39A88C37398 /* SystemActionButton.swift in Sources */,
				1D5C140DB3C95DACBBBAE324 /* GeneralTab.swift in Sources */,
				5B705375BE08ACEA8B10E23E /* RunningAppsPicker.swift in Sources */,
				7A90689827CDA686E1BEBD73 /* SettingsScene.swift in Sources */,
				EDA05851FF27F3BA354B83CA /* SpotlightTab.swift in Sources */,
			);
			runOnlyForDeploymentPostprocessing = 0;
		};
/* End PBXSourcesBuildPhase section */

/* Begin PBXTargetDependency section */
		4C9CA98B573422EC281D1846 /* PBXTargetDependency */ = {
			isa = PBXTargetDependency;
			name = AutoSwitch;
			target = ED7CBF665CBDB411FB2F985E /* AutoSwitch */;
			targetProxy = FEED51694E0BFF344C58D02C /* PBXContainerItemProxy */;
		};
/* End PBXTargetDependency section */

/* Begin XCBuildConfiguration section */
		036A5046DD2B980EDE51EF70 /* Debug */ = {
			isa = XCBuildConfiguration;
			buildSettings = {
				APP_DISPLAY_NAME = "AutoSwitch DEV";
				ARCHS = arm64;
				ASSETCATALOG_COMPILER_APPICON_NAME = AppIcon;
				ASSETCATALOG_COMPILER_GLOBAL_ACCENT_COLOR_NAME = AccentColor;
				CODE_SIGNING_ALLOWED = NO;
				CODE_SIGNING_REQUIRED = NO;
				CODE_SIGN_IDENTITY = "-";
				CODE_SIGN_STYLE = Manual;
				COMBINE_HIDPI_IMAGES = YES;
				CURRENT_PROJECT_VERSION = 7;
				DEAD_CODE_STRIPPING = YES;
				DEVELOPMENT_TEAM = "";
				ENABLE_STRICT_CONCURRENCY = YES;
				GENERATE_INFOPLIST_FILE = NO;
				INFOPLIST_FILE = AutoSwitch/App/Info.plist;
				LD_RUNPATH_SEARCH_PATHS = (
					"$(inherited)",
					"@executable_path/../Frameworks",
				);
				MACOSX_DEPLOYMENT_TARGET = 26.0;
				MARKETING_VERSION = 0.2.0;
				PRODUCT_BUNDLE_IDENTIFIER = dev.autoswitch.AutoSwitchDEV;
				PRODUCT_MODULE_NAME = AutoSwitch;
				PRODUCT_NAME = AutoSwitchDEV;
				SDKROOT = macosx;
				SWIFT_EMIT_LOC_STRINGS = YES;
				SWIFT_VERSION = 6.0;
			};
			name = Debug;
		};
		17095F8D3DCF05838F00874A /* Debug */ = {
			isa = XCBuildConfiguration;
			buildSettings = {
				ARCHS = arm64;
				BUNDLE_LOADER = "$(TEST_HOST)";
				CODE_SIGNING_ALLOWED = NO;
				CODE_SIGNING_REQUIRED = NO;
				CODE_SIGN_IDENTITY = "-";
				CODE_SIGN_STYLE = Manual;
				CURRENT_PROJECT_VERSION = 7;
				DEVELOPMENT_TEAM = "";
				ENABLE_STRICT_CONCURRENCY = YES;
				ENABLE_TESTABILITY = YES;
				GENERATE_INFOPLIST_FILE = YES;
				MACOSX_DEPLOYMENT_TARGET = 26.0;
				MARKETING_VERSION = 0.2.0;
				PRODUCT_BUNDLE_IDENTIFIER = dev.autoswitch.AutoSwitchTests;
				SDKROOT = macosx;
				SWIFT_VERSION = 6.0;
				TEST_HOST = "$(BUILT_PRODUCTS_DIR)/$(TEST_HOST_APP_NAME).app/Contents/MacOS/$(TEST_HOST_APP_NAME)";
				TEST_HOST_APP_NAME = AutoSwitchDEV;
			};
			name = Debug;
		};
		39776F2EBC09E5AF191181FD /* Release */ = {
			isa = XCBuildConfiguration;
			buildSettings = {
				APP_DISPLAY_NAME = AutoSwitch;
				ARCHS = arm64;
				ASSETCATALOG_COMPILER_APPICON_NAME = AppIcon;
				ASSETCATALOG_COMPILER_GLOBAL_ACCENT_COLOR_NAME = AccentColor;
				CODE_SIGNING_ALLOWED = NO;
				CODE_SIGNING_REQUIRED = NO;
				CODE_SIGN_IDENTITY = "-";
				CODE_SIGN_STYLE = Manual;
				COMBINE_HIDPI_IMAGES = YES;
				CURRENT_PROJECT_VERSION = 7;
				DEAD_CODE_STRIPPING = YES;
				DEVELOPMENT_TEAM = "";
				ENABLE_STRICT_CONCURRENCY = YES;
				GENERATE_INFOPLIST_FILE = NO;
				INFOPLIST_FILE = AutoSwitch/App/Info.plist;
				LD_RUNPATH_SEARCH_PATHS = (
					"$(inherited)",
					"@executable_path/../Frameworks",
				);
				MACOSX_DEPLOYMENT_TARGET = 26.0;
				MARKETING_VERSION = 0.2.0;
				PRODUCT_BUNDLE_IDENTIFIER = dev.autoswitch.AutoSwitch;
				PRODUCT_MODULE_NAME = AutoSwitch;
				PRODUCT_NAME = AutoSwitch;
				SDKROOT = macosx;
				SWIFT_EMIT_LOC_STRINGS = YES;
				SWIFT_VERSION = 6.0;
			};
			name = Release;
		};
		4585C93738DBB36D3C3627ED /* Release */ = {
			isa = XCBuildConfiguration;
			buildSettings = {
				ARCHS = arm64;
				BUNDLE_LOADER = "$(TEST_HOST)";
				CODE_SIGNING_ALLOWED = NO;
				CODE_SIGNING_REQUIRED = NO;
				CODE_SIGN_IDENTITY = "-";
				CODE_SIGN_STYLE = Manual;
				CURRENT_PROJECT_VERSION = 7;
				DEVELOPMENT_TEAM = "";
				ENABLE_STRICT_CONCURRENCY = YES;
				ENABLE_TESTABILITY = YES;
				GENERATE_INFOPLIST_FILE = YES;
				MACOSX_DEPLOYMENT_TARGET = 26.0;
				MARKETING_VERSION = 0.2.0;
				PRODUCT_BUNDLE_IDENTIFIER = dev.autoswitch.AutoSwitchTests;
				SDKROOT = macosx;
				SWIFT_VERSION = 6.0;
				TEST_HOST = "$(BUILT_PRODUCTS_DIR)/$(TEST_HOST_APP_NAME).app/Contents/MacOS/$(TEST_HOST_APP_NAME)";
				TEST_HOST_APP_NAME = AutoSwitch;
			};
			name = Release;
		};
		71D4E0C8DF41E20966781E50 /* Debug */ = {
			isa = XCBuildConfiguration;
			buildSettings = {
				ALWAYS_SEARCH_USER_PATHS = NO;
				CLANG_ANALYZER_NONNULL = YES;
				CLANG_ANALYZER_NUMBER_OBJECT_CONVERSION = YES_AGGRESSIVE;
				CLANG_CXX_LANGUAGE_STANDARD = "gnu++14";
				CLANG_CXX_LIBRARY = "libc++";
				CLANG_ENABLE_MODULES = YES;
				CLANG_ENABLE_OBJC_ARC = YES;
				CLANG_ENABLE_OBJC_WEAK = YES;
				CLANG_WARN_BLOCK_CAPTURE_AUTORELEASING = YES;
				CLANG_WARN_BOOL_CONVERSION = YES;
				CLANG_WARN_COMMA = YES;
				CLANG_WARN_CONSTANT_CONVERSION = YES;
				CLANG_WARN_DEPRECATED_OBJC_IMPLEMENTATIONS = YES;
				CLANG_WARN_DIRECT_OBJC_ISA_USAGE = YES_ERROR;
				CLANG_WARN_DOCUMENTATION_COMMENTS = YES;
				CLANG_WARN_EMPTY_BODY = YES;
				CLANG_WARN_ENUM_CONVERSION = YES;
				CLANG_WARN_INFINITE_RECURSION = YES;
				CLANG_WARN_INT_CONVERSION = YES;
				CLANG_WARN_NON_LITERAL_NULL_CONVERSION = YES;
				CLANG_WARN_OBJC_IMPLICIT_RETAIN_SELF = YES;
				CLANG_WARN_OBJC_LITERAL_CONVERSION = YES;
				CLANG_WARN_OBJC_ROOT_CLASS = YES_ERROR;
				CLANG_WARN_QUOTED_INCLUDE_IN_FRAMEWORK_HEADER = YES;
				CLANG_WARN_RANGE_LOOP_ANALYSIS = YES;
				CLANG_WARN_STRICT_PROTOTYPES = YES;
				CLANG_WARN_SUSPICIOUS_MOVE = YES;
				CLANG_WARN_UNGUARDED_AVAILABILITY = YES_AGGRESSIVE;
				CLANG_WARN_UNREACHABLE_CODE = YES;
				CLANG_WARN__DUPLICATE_METHOD_MATCH = YES;
				COPY_PHASE_STRIP = NO;
				DEBUG_INFORMATION_FORMAT = dwarf;
				ENABLE_STRICT_OBJC_MSGSEND = YES;
				ENABLE_TESTABILITY = YES;
				GCC_C_LANGUAGE_STANDARD = gnu11;
				GCC_DYNAMIC_NO_PIC = NO;
				GCC_NO_COMMON_BLOCKS = YES;
				GCC_OPTIMIZATION_LEVEL = 0;
				GCC_PREPROCESSOR_DEFINITIONS = (
					"DEBUG=1",
					"$(inherited)",
				);
				GCC_WARN_64_TO_32_BIT_CONVERSION = YES;
				GCC_WARN_ABOUT_RETURN_TYPE = YES_ERROR;
				GCC_WARN_UNDECLARED_SELECTOR = YES;
				GCC_WARN_UNINITIALIZED_AUTOS = YES_AGGRESSIVE;
				GCC_WARN_UNUSED_FUNCTION = YES;
				GCC_WARN_UNUSED_VARIABLE = YES;
				MTL_ENABLE_DEBUG_INFO = INCLUDE_SOURCE;
				MTL_FAST_MATH = YES;
				ONLY_ACTIVE_ARCH = YES;
				PRODUCT_NAME = "$(TARGET_NAME)";
				SWIFT_ACTIVE_COMPILATION_CONDITIONS = DEBUG;
				SWIFT_OPTIMIZATION_LEVEL = "-Onone";
				SWIFT_VERSION = 5.0;
			};
			name = Debug;
		};
		7C93631C1D5479C325587F85 /* Release */ = {
			isa = XCBuildConfiguration;
			buildSettings = {
				ALWAYS_SEARCH_USER_PATHS = NO;
				CLANG_ANALYZER_NONNULL = YES;
				CLANG_ANALYZER_NUMBER_OBJECT_CONVERSION = YES_AGGRESSIVE;
				CLANG_CXX_LANGUAGE_STANDARD = "gnu++14";
				CLANG_CXX_LIBRARY = "libc++";
				CLANG_ENABLE_MODULES = YES;
				CLANG_ENABLE_OBJC_ARC = YES;
				CLANG_ENABLE_OBJC_WEAK = YES;
				CLANG_WARN_BLOCK_CAPTURE_AUTORELEASING = YES;
				CLANG_WARN_BOOL_CONVERSION = YES;
				CLANG_WARN_COMMA = YES;
				CLANG_WARN_CONSTANT_CONVERSION = YES;
				CLANG_WARN_DEPRECATED_OBJC_IMPLEMENTATIONS = YES;
				CLANG_WARN_DIRECT_OBJC_ISA_USAGE = YES_ERROR;
				CLANG_WARN_DOCUMENTATION_COMMENTS = YES;
				CLANG_WARN_EMPTY_BODY = YES;
				CLANG_WARN_ENUM_CONVERSION = YES;
				CLANG_WARN_INFINITE_RECURSION = YES;
				CLANG_WARN_INT_CONVERSION = YES;
				CLANG_WARN_NON_LITERAL_NULL_CONVERSION = YES;
				CLANG_WARN_OBJC_IMPLICIT_RETAIN_SELF = YES;
				CLANG_WARN_OBJC_LITERAL_CONVERSION = YES;
				CLANG_WARN_OBJC_ROOT_CLASS = YES_ERROR;
				CLANG_WARN_QUOTED_INCLUDE_IN_FRAMEWORK_HEADER = YES;
				CLANG_WARN_RANGE_LOOP_ANALYSIS = YES;
				CLANG_WARN_STRICT_PROTOTYPES = YES;
				CLANG_WARN_SUSPICIOUS_MOVE = YES;
				CLANG_WARN_UNGUARDED_AVAILABILITY = YES_AGGRESSIVE;
				CLANG_WARN_UNREACHABLE_CODE = YES;
				CLANG_WARN__DUPLICATE_METHOD_MATCH = YES;
				COPY_PHASE_STRIP = NO;
				DEBUG_INFORMATION_FORMAT = "dwarf-with-dsym";
				ENABLE_NS_ASSERTIONS = NO;
				ENABLE_STRICT_OBJC_MSGSEND = YES;
				GCC_C_LANGUAGE_STANDARD = gnu11;
				GCC_NO_COMMON_BLOCKS = YES;
				GCC_WARN_64_TO_32_BIT_CONVERSION = YES;
				GCC_WARN_ABOUT_RETURN_TYPE = YES_ERROR;
				GCC_WARN_UNDECLARED_SELECTOR = YES;
				GCC_WARN_UNINITIALIZED_AUTOS = YES_AGGRESSIVE;
				GCC_WARN_UNUSED_FUNCTION = YES;
				GCC_WARN_UNUSED_VARIABLE = YES;
				MTL_ENABLE_DEBUG_INFO = NO;
				MTL_FAST_MATH = YES;
				PRODUCT_NAME = "$(TARGET_NAME)";
				SWIFT_COMPILATION_MODE = wholemodule;
				SWIFT_OPTIMIZATION_LEVEL = "-O";
				SWIFT_VERSION = 5.0;
			};
			name = Release;
		};
/* End XCBuildConfiguration section */

/* Begin XCConfigurationList section */
		9CEE555884EC3A7D4EB74709 /* Build configuration list for PBXNativeTarget "AutoSwitchTests" */ = {
			isa = XCConfigurationList;
			buildConfigurations = (
				4585C93738DBB36D3C3627ED /* Release */,
				17095F8D3DCF05838F00874A /* Debug */,
			);
			defaultConfigurationIsVisible = 0;
			defaultConfigurationName = Release;
		};
		D7EF6C59FD83C5C6D513AEDB /* Build configuration list for PBXNativeTarget "AutoSwitch" */ = {
			isa = XCConfigurationList;
			buildConfigurations = (
				39776F2EBC09E5AF191181FD /* Release */,
				036A5046DD2B980EDE51EF70 /* Debug */,
			);
			defaultConfigurationIsVisible = 0;
			defaultConfigurationName = Release;
		};
		F11703C11B63350D6A2FA79E /* Build configuration list for PBXProject "AutoSwitch" */ = {
			isa = XCConfigurationList;
			buildConfigurations = (
				71D4E0C8DF41E20966781E50 /* Debug */,
				7C93631C1D5479C325587F85 /* Release */,
			);
			defaultConfigurationIsVisible = 0;
			defaultConfigurationName = Release;
		};
/* End XCConfigurationList section */

/* Begin XCRemoteSwiftPackageReference section */
		B1EFD892614CF67DC09CB0BD /* XCRemoteSwiftPackageReference "Sparkle" */ = {
			isa = XCRemoteSwiftPackageReference;
			repositoryURL = "https://github.com/sparkle-project/Sparkle.git";
			requirement = {
				kind = upToNextMajorVersion;
				minimumVersion = 2.6.0;
			};
		};
/* End XCRemoteSwiftPackageReference section */

/* Begin XCSwiftPackageProductDependency section */
		29E005C00FAA814AFE9FA3AF /* Sparkle */ = {
			isa = XCSwiftPackageProductDependency;
			package = B1EFD892614CF67DC09CB0BD /* XCRemoteSwiftPackageReference "Sparkle" */;
			productName = Sparkle;
		};
/* End XCSwiftPackageProductDependency section */
	};
	rootObject = CD8E76750166179403290C18 /* Project object */;
}
