// !$*UTF8*$!
{
	archiveVersion = 1;
	classes = {
	};
	objectVersion = 77;
	objects = {

/* Begin PBXBuildFile section */
		0329114D8C80A3EA8A3FA079 /* LaunchContextTests.swift in Sources */ = {isa = PBXBuildFile; fileRef = 5A4BF95FB76B2126D49087D5 /* LaunchContextTests.swift */; };
		0CF765958F48DDF2BF30ABA2 /* SpotlightTab.swift in Sources */ = {isa = PBXBuildFile; fileRef = 28994B5B2A9EBAF89DC0F0DF /* SpotlightTab.swift */; };
		0E71E3D23005C0AC3ED2B8DE /* Foundation.framework in Frameworks */ = {isa = PBXBuildFile; fileRef = 2C6FCDEBA7B1152D3AE8F0AE /* Foundation.framework */; };
		111260EB695E6B000DA8ADD8 /* SystemActionButton.swift in Sources */ = {isa = PBXBuildFile; fileRef = D29CA746E04BBFB35041FFA0 /* SystemActionButton.swift */; };
		159109CDFBE9DF12229C1575 /* Cocoa.framework in Frameworks */ = {isa = PBXBuildFile; fileRef = 52D7867AAA9A52C138591714 /* Cocoa.framework */; };
		1685A2255023B3F07328572B /* AXTextReader.swift in Sources */ = {isa = PBXBuildFile; fileRef = 0253F3C4BDBA15ACB1A0F57F /* AXTextReader.swift */; };
		18569C6EF5BC3B1094550F0E /* ConfigStore.swift in Sources */ = {isa = PBXBuildFile; fileRef = B545418F431B9AFDF2543FC8 /* ConfigStore.swift */; };
		19EE081C45EBE26E4ACB4A6D /* AppActivationMonitor.swift in Sources */ = {isa = PBXBuildFile; fileRef = B8817E114D0224062419D2AB /* AppActivationMonitor.swift */; };
		279C22BF2844667A73591EE9 /* ConfigStoreTests.swift in Sources */ = {isa = PBXBuildFile; fileRef = 03B212A52F1DE4599C743759 /* ConfigStoreTests.swift */; };
		28341AE6DAC7EDC9F96F2418 /* InputSource.swift in Sources */ = {isa = PBXBuildFile; fileRef = 4AE85667E307B04813CCD156 /* InputSource.swift */; };
		2901792EBB3BA7DDC5F4FE08 /* FocusCoordinatorTests.swift in Sources */ = {isa = PBXBuildFile; fileRef = EE0029326B3E48B8E903D1FD /* FocusCoordinatorTests.swift */; };
		296B090DE11C0180B6489CEB /* DocumentSwitchChecker.swift in Sources */ = {isa = PBXBuildFile; fileRef = 996F6D36C7D86C47DBFA2F9C /* DocumentSwitchChecker.swift */; };
		2CE6056F201CAFEDF3850FB4 /* AppState.swift in Sources */ = {isa = PBXBuildFile; fileRef = 483DF98D9ED276D09B760BB8 /* AppState.swift */; };
		2D2925EBF4B8E63EFEDC0B28 /* FocusEvent.swift in Sources */ = {isa = PBXBuildFile; fileRef = C9B064076BEE35766005F8F7 /* FocusEvent.swift */; };
		2F9759A18D4FE0F8E227225C /* AppRule.swift in Sources */ = {isa = PBXBuildFile; fileRef = 57577707B1A65B33C6B68B6F /* AppRule.swift */; };
		39B8E7ED1FA242AA472FFFBC /* PermissionsManager.swift in Sources */ = {isa = PBXBuildFile; fileRef = 88507D5D6CFD14C8BC9514CE /* PermissionsManager.swift */; };
		3DF8868081F8D224BF4B9A84 /* GeneralTab.swift in Sources */ = {isa = PBXBuildFile; fileRef = 576416E323DC0EE9AB685E0D /* GeneralTab.swift */; };
		416ACF7DC071D868C7F92945 /* ServiceManagement.framework in Frameworks */ = {isa = PBXBuildFile; fileRef = B68753C9F39255340C91676E /* ServiceManagement.framework */; };
		47E448D9ACE3731604BCBE47 /* BuiltinSpotlightBundles.swift in Sources */ = {isa = PBXBuildFile; fileRef = A1F1047DC3A88DA50FAEC666 /* BuiltinSpotlightBundles.swift */; };
		4C2435803A69EC155F5BCA8E /* SlashTriggerMonitor.swift in Sources */ = {isa = PBXBuildFile; fileRef = EDE5A3F5F39BA7A07F88E322 /* SlashTriggerMonitor.swift */; };
		4E59EC6FA67205ABC04136B3 /* Carbon.framework in Frameworks */ = {isa = PBXBuildFile; fileRef = 6CC91107DEA03348AB3C6AAF /* Carbon.framework */; };
		4F175690DCDF158BD8F83523 /* Foundation.framework in Frameworks */ = {isa = PBXBuildFile; fileRef = 2C6FCDEBA7B1152D3AE8F0AE /* Foundation.framework */; };
		5782FD1745C4A88CF872E8FD /* SpotlightPanelMonitor.swift in Sources */ = {isa = PBXBuildFile; fileRef = 2BCE1128734B38C7782E4893 /* SpotlightPanelMonitor.swift */; };
		59EB376808805015B49ECF4D /* FocusCoordinator.swift in Sources */ = {isa = PBXBuildFile; fileRef = DEE9E62282CDF86B5274F8B1 /* FocusCoordinator.swift */; };
		678B72E6D46A9D8D15D0BCA4 /* InputSourceClassifier.swift in Sources */ = {isa = PBXBuildFile; fileRef = B666C816343F076F977DA561 /* InputSourceClassifier.swift */; };
		68150FD812166B2911861534 /* SwitchSchedulerTests.swift in Sources */ = {isa = PBXBuildFile; fileRef = FFA150AC65565DD17036CC17 /* SwitchSchedulerTests.swift */; };
		687D526FABA6EBAF6B2A9A79 /* CaretContextProbe.swift in Sources */ = {isa = PBXBuildFile; fileRef = E1708EB16281F865E8FDBE3C /* CaretContextProbe.swift */; };
		6918AE9F6997EF256E89E558 /* LoginItemManager.swift in Sources */ = {isa = PBXBuildFile; fileRef = 57E68B1BEF70178712322F0F /* LoginItemManager.swift */; };
		6E02BDDB9077C393ED3B5937 /* AutoSwitchApp.swift in Sources */ = {isa = PBXBuildFile; fileRef = 6A5DCC5F1BE92C50806BCA36 /* AutoSwitchApp.swift */; };
		720FFEFBF5BB124196E01CF1 /* Config.swift in Sources */ = {isa = PBXBuildFile; fileRef = D226E79DD0D6BEAE9A608A8C /* Config.swift */; };
		788137C3BF3905D961FB2B2F /* LaunchContext.swift in Sources */ = {isa = PBXBuildFile; fileRef = 13D36601F745DE55C74C5F41 /* LaunchContext.swift */; };
		7D39D53526F363965711691E /* RuleEngine.swift in Sources */ = {isa = PBXBuildFile; fileRef = 66F29FF23256167D43A80A31 /* RuleEngine.swift */; };
		80ED91967C65F91573BD6BB2 /* AppRulesTab.swift in Sources */ = {isa = PBXBuildFile; fileRef = 9D7B132E32CAFDF6CC6AD0E1 /* AppRulesTab.swift */; };
		8720F3C7FD0DF823F3BCCB37 /* InputSourcePicker.swift in Sources */ = {isa = PBXBuildFile; fileRef = 3D97AF14A3155113036F1046 /* InputSourcePicker.swift */; };
		875DC1B4013F104C1E10C749 /* SystemSettingsLinks.swift in Sources */ = {isa = PBXBuildFile; fileRef = BEBD49F706B831EBE2C9B446 /* SystemSettingsLinks.swift */; };
		8808F9001C1CD2FA0B8BF83C /* ApplicationServices.framework in Frameworks */ = {isa = PBXBuildFile; fileRef = 4665B35E427F4D7AC6352C13 /* ApplicationServices.framework */; };
		8D170D486E2C40B5ED10F86A /* TransientEnglishMonitor.swift in Sources */ = {isa = PBXBuildFile; fileRef = 114D15C9FCC35B39DD308632 /* TransientEnglishMonitor.swift */; };
		93D04CA7F7E6AAA718E64F90 /* AppStateWindowSizingTests.swift in Sources */ = {isa = PBXBuildFile; fileRef = E3D5D60CF9E81A8FB2FBA0E4 /* AppStateWindowSizingTests.swift */; };
		98825B1B077703FFD6BA05A1 /* VisibilityDiff.swift in Sources */ = {isa = PBXBuildFile; fileRef = CC8D537B3CEF05A3792A52EA /* VisibilityDiff.swift */; };
		9C0C38F656E882165970D303 /* AppKit.framework in Frameworks */ = {isa = PBXBuildFile; fileRef = 6711C9DCC60FBDBE064209D1 /* AppKit.framework */; };
		A4E9510CC73A4FA6ECD70E23 /* AppDelegate.swift in Sources */ = {isa = PBXBuildFile; fileRef = 5D8BDEAF5A0D47EA6CEF5BF4 /* AppDelegate.swift */; };
		AADE1012204EC1D25B9D4AE7 /* RunningAppsPicker.swift in Sources */ = {isa = PBXBuildFile; fileRef = 569D0FAFA36B0D2662DD3A00 /* RunningAppsPicker.swift */; };
		AEA5E68C54D07508E04FAB5E /* FocusedElementMonitor.swift in Sources */ = {isa = PBXBuildFile; fileRef = A573C1CB28A9C23D6007A817 /* FocusedElementMonitor.swift */; };
		B236B1FB8331C76BBC8D584A /* ShellPromptDetectorTests.swift in Sources */ = {isa = PBXBuildFile; fileRef = 8A1701F21FA5E1C81FD795DC /* ShellPromptDetectorTests.swift */; };
		B422F34F9727705BB549D629 /* VisibilityDiffTests.swift in Sources */ = {isa = PBXBuildFile; fileRef = 8CD6159B1E89A8AB14951F34 /* VisibilityDiffTests.swift */; };
		B5BB94B54772AE1FFAB20298 /* SingleInstanceCoordinator.swift in Sources */ = {isa = PBXBuildFile; fileRef = 1660EEE5BC6F2CB4C6AEC4B9 /* SingleInstanceCoordinator.swift */; };
		B76ECEBB4158F83B8A73300B /* ShellPromptDetector.swift in Sources */ = {isa = PBXBuildFile; fileRef = ED64C1C1A5DB289DF3F84212 /* ShellPromptDetector.swift */; };
		B7DC26456A5EAD40A8B5F4EE /* XCTest.framework in Frameworks */ = {isa = PBXBuildFile; fileRef = A941F4314CFF012C29010931 /* XCTest.framework */; };
		C063CC721FB85C94E8805449 /* Cocoa.framework in Frameworks */ = {isa = PBXBuildFile; fileRef = 52D7867AAA9A52C138591714 /* Cocoa.framework */; };
		C32E276F2858F69FD012F96E /* SwitchScheduler.swift in Sources */ = {isa = PBXBuildFile; fileRef = 0E6E67EF0D31E0FC91894E74 /* SwitchScheduler.swift */; };
		D06033391812D074751E542C /* LockScreenMonitor.swift in Sources */ = {isa = PBXBuildFile; fileRef = F9B5056FC5829BBB4216F8CC /* LockScreenMonitor.swift */; };
		D45AF75816CF7C30CC8DE982 /* AutoSwitchIcon.icns in Resources */ = {isa = PBXBuildFile; fileRef = 2F8A02A4F722392D2FBE9062 /* AutoSwitchIcon.icns */; };
		D5CFBE8BA6583FBA6C8AC20C /* StatusBarController.swift in Sources */ = {isa = PBXBuildFile; fileRef = 953E0AAC6B051F8D08E3ED2D /* StatusBarController.swift */; };
		D6D16C154982A40E7FC98D10 /* StatusPill.swift in Sources */ = {isa = PBXBuildFile; fileRef = 17EC89E64FEC09848E75D4B4 /* StatusPill.swift */; };
		D73EF34491E0D18C049EA1EA /* RuleEngineTests.swift in Sources */ = {isa = PBXBuildFile; fileRef = D37C76AAA1A96AC9F8DAB50D /* RuleEngineTests.swift */; };
		D82075D8F11F819FB19506D4 /* KeyboardEventHubTests.swift in Sources */ = {isa = PBXBuildFile; fileRef = 09247C9240A13ACAE1101B73 /* KeyboardEventHubTests.swift */; };
		DA1AEFF5EA6F738F2B11E319 /* SettingsScene.swift in Sources */ = {isa = PBXBuildFile; fileRef = C945584C7AD86F96A08DC962 /* SettingsScene.swift */; };
		E8382182568A582ED1F19189 /* KeyboardEventHub.swift in Sources */ = {isa = PBXBuildFile; fileRef = 9F96DB49D65157854D1E3506 /* KeyboardEventHub.swift */; };
		EE923675D7817C2AB1DD67ED /* UpdaterController.swift in Sources */ = {isa = PBXBuildFile; fileRef = C5799DA710B0F139FD613D1B /* UpdaterController.swift */; };
		F08C4FF643758260F4F807CF /* InputSourceController.swift in Sources */ = {isa = PBXBuildFile; fileRef = C2A87656EB13E6748315BD40 /* InputSourceController.swift */; };
		FB00AB71C675536D945F9FC4 /* Assets.xcassets in Resources */ = {isa = PBXBuildFile; fileRef = CDC669345BF6E37045789D87 /* Assets.xcassets */; };
		FD5C044A91331B59F92B1CA7 /* InputSourceClassifierTests.swift in Sources */ = {isa = PBXBuildFile; fileRef = BEB5DB64BBF6919E94D6537C /* InputSourceClassifierTests.swift */; };
		FFCBCFF71FEA8D4E2D910112 /* SwiftUI.framework in Frameworks */ = {isa = PBXBuildFile; fileRef = CC505422C847EFFE7A5F13CF /* SwiftUI.framework */; };
/* End PBXBuildFile section */

/* Begin PBXContainerItemProxy section */
		FC126CCB0F725DCD86970E23 /* PBXContainerItemProxy */ = {
			isa = PBXContainerItemProxy;
			containerPortal = EC8807F90DA1D9FF3E57ED93 /* Project object */;
			proxyType = 1;
			remoteGlobalIDString = 7F5E92B8FDF415FAA3F92AFE;
			remoteInfo = AutoSwitch;
		};
/* End PBXContainerItemProxy section */

/* Begin PBXFileReference section */
		0253F3C4BDBA15ACB1A0F57F /* AXTextReader.swift */ = {isa = PBXFileReference; includeInIndex = 1; lastKnownFileType = sourcecode.swift; name = AXTextReader.swift; path = Monitor/AXTextReader.swift; sourceTree = "<group>"; };
		03B212A52F1DE4599C743759 /* ConfigStoreTests.swift */ = {isa = PBXFileReference; includeInIndex = 1; lastKnownFileType = sourcecode.swift; path = ConfigStoreTests.swift; sourceTree = "<group>"; };
		09247C9240A13ACAE1101B73 /* KeyboardEventHubTests.swift */ = {isa = PBXFileReference; includeInIndex = 1; lastKnownFileType = sourcecode.swift; path = KeyboardEventHubTests.swift; sourceTree = "<group>"; };
		0E6E67EF0D31E0FC91894E74 /* SwitchScheduler.swift */ = {isa = PBXFileReference; includeInIndex = 1; lastKnownFileType = sourcecode.swift; name = SwitchScheduler.swift; path = Engine/SwitchScheduler.swift; sourceTree = "<group>"; };
		114D15C9FCC35B39DD308632 /* TransientEnglishMonitor.swift */ = {isa = PBXFileReference; includeInIndex = 1; lastKnownFileType = sourcecode.swift; name = TransientEnglishMonitor.swift; path = Engine/TransientEnglishMonitor.swift; sourceTree = "<group>"; };
		13D36601F745DE55C74C5F41 /* LaunchContext.swift */ = {isa = PBXFileReference; includeInIndex = 1; lastKnownFileType = sourcecode.swift; name = LaunchContext.swift; path = App/LaunchContext.swift; sourceTree = "<group>"; };
		1660EEE5BC6F2CB4C6AEC4B9 /* SingleInstanceCoordinator.swift */ = {isa = PBXFileReference; includeInIndex = 1; lastKnownFileType = sourcecode.swift; name = SingleInstanceCoordinator.swift; path = App/SingleInstanceCoordinator.swift; sourceTree = "<group>"; };
		17EC89E64FEC09848E75D4B4 /* StatusPill.swift */ = {isa = PBXFileReference; includeInIndex = 1; lastKnownFileType = sourcecode.swift; name = StatusPill.swift; path = UI/Components/StatusPill.swift; sourceTree = "<group>"; };
		28994B5B2A9EBAF89DC0F0DF /* SpotlightTab.swift */ = {isa = PBXFileReference; includeInIndex = 1; lastKnownFileType = sourcecode.swift; name = SpotlightTab.swift; path = UI/SpotlightTab.swift; sourceTree = "<group>"; };
		2BCE1128734B38C7782E4893 /* SpotlightPanelMonitor.swift */ = {isa = PBXFileReference; includeInIndex = 1; lastKnownFileType = sourcecode.swift; name = SpotlightPanelMonitor.swift; path = Monitor/SpotlightPanelMonitor.swift; sourceTree = "<group>"; };
		2C6FCDEBA7B1152D3AE8F0AE /* Foundation.framework */ = {isa = PBXFileReference; lastKnownFileType = wrapper.framework; name = Foundation.framework; path = Platforms/MacOSX.platform/Developer/SDKs/MacOSX15.0.sdk/System/Library/Frameworks/Foundation.framework; sourceTree = DEVELOPER_DIR; };
		2F8A02A4F722392D2FBE9062 /* AutoSwitchIcon.icns */ = {isa = PBXFileReference; includeInIndex = 1; lastKnownFileType = image.icns; path = AutoSwitchIcon.icns; sourceTree = "<group>"; };
		3D97AF14A3155113036F1046 /* InputSourcePicker.swift */ = {isa = PBXFileReference; includeInIndex = 1; lastKnownFileType = sourcecode.swift; name = InputSourcePicker.swift; path = UI/Components/InputSourcePicker.swift; sourceTree = "<group>"; };
		4665B35E427F4D7AC6352C13 /* ApplicationServices.framework */ = {isa = PBXFileReference; lastKnownFileType = wrapper.framework; name = ApplicationServices.framework; path = Platforms/MacOSX.platform/Developer/SDKs/MacOSX15.0.sdk/System/Library/Frameworks/ApplicationServices.framework; sourceTree = DEVELOPER_DIR; };
		483DF98D9ED276D09B760BB8 /* AppState.swift */ = {isa = PBXFileReference; includeInIndex = 1; lastKnownFileType = sourcecode.swift; name = AppState.swift; path = App/AppState.swift; sourceTree = "<group>"; };
		4AE85667E307B04813CCD156 /* InputSource.swift */ = {isa = PBXFileReference; includeInIndex = 1; lastKnownFileType = sourcecode.swift; name = InputSource.swift; path = InputSource/InputSource.swift; sourceTree = "<group>"; };
		52D7867AAA9A52C138591714 /* Cocoa.framework */ = {isa = PBXFileReference; lastKnownFileType = wrapper.framework; name = Cocoa.framework; path = Platforms/MacOSX.platform/Developer/SDKs/MacOSX15.0.sdk/System/Library/Frameworks/Cocoa.framework; sourceTree = DEVELOPER_DIR; };
		569D0FAFA36B0D2662DD3A00 /* RunningAppsPicker.swift */ = {isa = PBXFileReference; includeInIndex = 1; lastKnownFileType = sourcecode.swift; name = RunningAppsPicker.swift; path = UI/RunningAppsPicker.swift; sourceTree = "<group>"; };
		57577707B1A65B33C6B68B6F /* AppRule.swift */ = {isa = PBXFileReference; includeInIndex = 1; lastKnownFileType = sourcecode.swift; name = AppRule.swift; path = Config/AppRule.swift; sourceTree = "<group>"; };
		576416E323DC0EE9AB685E0D /* GeneralTab.swift */ = {isa = PBXFileReference; includeInIndex = 1; lastKnownFileType = sourcecode.swift; name = GeneralTab.swift; path = UI/GeneralTab.swift; sourceTree = "<group>"; };
		57E68B1BEF70178712322F0F /* LoginItemManager.swift */ = {isa = PBXFileReference; includeInIndex = 1; lastKnownFileType = sourcecode.swift; name = LoginItemManager.swift; path = System/LoginItemManager.swift; sourceTree = "<group>"; };
		58B835A994EAEC270B7A4186 /* AutoSwitch.app */ = {isa = PBXFileReference; explicitFileType = wrapper.application; includeInIndex = 0; path = AutoSwitch.app; sourceTree = BUILT_PRODUCTS_DIR; };
		5A4BF95FB76B2126D49087D5 /* LaunchContextTests.swift */ = {isa = PBXFileReference; includeInIndex = 1; lastKnownFileType = sourcecode.swift; path = LaunchContextTests.swift; sourceTree = "<group>"; };
		5D8BDEAF5A0D47EA6CEF5BF4 /* AppDelegate.swift */ = {isa = PBXFileReference; includeInIndex = 1; lastKnownFileType = sourcecode.swift; name = AppDelegate.swift; path = App/AppDelegate.swift; sourceTree = "<group>"; };
		66F29FF23256167D43A80A31 /* RuleEngine.swift */ = {isa = PBXFileReference; includeInIndex = 1; lastKnownFileType = sourcecode.swift; name = RuleEngine.swift; path = Engine/RuleEngine.swift; sourceTree = "<group>"; };
		6711C9DCC60FBDBE064209D1 /* AppKit.framework */ = {isa = PBXFileReference; lastKnownFileType = wrapper.framework; name = AppKit.framework; path = Platforms/MacOSX.platform/Developer/SDKs/MacOSX15.0.sdk/System/Library/Frameworks/AppKit.framework; sourceTree = DEVELOPER_DIR; };
		6A5DCC5F1BE92C50806BCA36 /* AutoSwitchApp.swift */ = {isa = PBXFileReference; includeInIndex = 1; lastKnownFileType = sourcecode.swift; name = AutoSwitchApp.swift; path = App/AutoSwitchApp.swift; sourceTree = "<group>"; };
		6CC91107DEA03348AB3C6AAF /* Carbon.framework */ = {isa = PBXFileReference; lastKnownFileType = wrapper.framework; name = Carbon.framework; path = Platforms/MacOSX.platform/Developer/SDKs/MacOSX15.0.sdk/System/Library/Frameworks/Carbon.framework; sourceTree = DEVELOPER_DIR; };
		88507D5D6CFD14C8BC9514CE /* PermissionsManager.swift */ = {isa = PBXFileReference; includeInIndex = 1; lastKnownFileType = sourcecode.swift; name = PermissionsManager.swift; path = System/PermissionsManager.swift; sourceTree = "<group>"; };
		8A1701F21FA5E1C81FD795DC /* ShellPromptDetectorTests.swift */ = {isa = PBXFileReference; includeInIndex = 1; lastKnownFileType = sourcecode.swift; path = ShellPromptDetectorTests.swift; sourceTree = "<group>"; };
		8CD6159B1E89A8AB14951F34 /* VisibilityDiffTests.swift */ = {isa = PBXFileReference; includeInIndex = 1; lastKnownFileType = sourcecode.swift; path = VisibilityDiffTests.swift; sourceTree = "<group>"; };
		8EDD2B4A006564D33F805A50 /* Info.plist */ = {isa = PBXFileReference; includeInIndex = 1; lastKnownFileType = text.plist.xml; name = Info.plist; path = App/Info.plist; sourceTree = "<group>"; };
		953E0AAC6B051F8D08E3ED2D /* StatusBarController.swift */ = {isa = PBXFileReference; includeInIndex = 1; lastKnownFileType = sourcecode.swift; name = StatusBarController.swift; path = App/StatusBarController.swift; sourceTree = "<group>"; };
		996F6D36C7D86C47DBFA2F9C /* DocumentSwitchChecker.swift */ = {isa = PBXFileReference; includeInIndex = 1; lastKnownFileType = sourcecode.swift; name = DocumentSwitchChecker.swift; path = System/DocumentSwitchChecker.swift; sourceTree = "<group>"; };
		9D7B132E32CAFDF6CC6AD0E1 /* AppRulesTab.swift */ = {isa = PBXFileReference; includeInIndex = 1; lastKnownFileType = sourcecode.swift; name = AppRulesTab.swift; path = UI/AppRulesTab.swift; sourceTree = "<group>"; };
		9F96DB49D65157854D1E3506 /* KeyboardEventHub.swift */ = {isa = PBXFileReference; includeInIndex = 1; lastKnownFileType = sourcecode.swift; name = KeyboardEventHub.swift; path = Monitor/KeyboardEventHub.swift; sourceTree = "<group>"; };
		A1F1047DC3A88DA50FAEC666 /* BuiltinSpotlightBundles.swift */ = {isa = PBXFileReference; includeInIndex = 1; lastKnownFileType = sourcecode.swift; name = BuiltinSpotlightBundles.swift; path = Config/BuiltinSpotlightBundles.swift; sourceTree = "<group>"; };
		A573C1CB28A9C23D6007A817 /* FocusedElementMonitor.swift */ = {isa = PBXFileReference; includeInIndex = 1; lastKnownFileType = sourcecode.swift; name = FocusedElementMonitor.swift; path = Monitor/FocusedElementMonitor.swift; sourceTree = "<group>"; };
		A941F4314CFF012C29010931 /* XCTest.framework */ = {isa = PBXFileReference; lastKnownFileType = wrapper.framework; name = XCTest.framework; path = Platforms/MacOSX.platform/Developer/SDKs/MacOSX15.0.sdk/System/Library/Frameworks/XCTest.framework; sourceTree = DEVELOPER_DIR; };
		B545418F431B9AFDF2543FC8 /* ConfigStore.swift */ = {isa = PBXFileReference; includeInIndex = 1; lastKnownFileType = sourcecode.swift; name = ConfigStore.swift; path = Config/ConfigStore.swift; sourceTree = "<group>"; };
		B666C816343F076F977DA561 /* InputSourceClassifier.swift */ = {isa = PBXFileReference; includeInIndex = 1; lastKnownFileType = sourcecode.swift; name = InputSourceClassifier.swift; path = InputSource/InputSourceClassifier.swift; sourceTree = "<group>"; };
		B68753C9F39255340C91676E /* ServiceManagement.framework */ = {isa = PBXFileReference; lastKnownFileType = wrapper.framework; name = ServiceManagement.framework; path = Platforms/MacOSX.platform/Developer/SDKs/MacOSX15.0.sdk/System/Library/Frameworks/ServiceManagement.framework; sourceTree = DEVELOPER_DIR; };
		B8817E114D0224062419D2AB /* AppActivationMonitor.swift */ = {isa = PBXFileReference; includeInIndex = 1; lastKnownFileType = sourcecode.swift; name = AppActivationMonitor.swift; path = Monitor/AppActivationMonitor.swift; sourceTree = "<group>"; };
		BEB5DB64BBF6919E94D6537C /* InputSourceClassifierTests.swift */ = {isa = PBXFileReference; includeInIndex = 1; lastKnownFileType = sourcecode.swift; path = InputSourceClassifierTests.swift; sourceTree = "<group>"; };
		BEBD49F706B831EBE2C9B446 /* SystemSettingsLinks.swift */ = {isa = PBXFileReference; includeInIndex = 1; lastKnownFileType = sourcecode.swift; name = SystemSettingsLinks.swift; path = System/SystemSettingsLinks.swift; sourceTree = "<group>"; };
		C2A87656EB13E6748315BD40 /* InputSourceController.swift */ = {isa = PBXFileReference; includeInIndex = 1; lastKnownFileType = sourcecode.swift; name = InputSourceController.swift; path = InputSource/InputSourceController.swift; sourceTree = "<group>"; };
		C5799DA710B0F139FD613D1B /* UpdaterController.swift */ = {isa = PBXFileReference; includeInIndex = 1; lastKnownFileType = sourcecode.swift; name = UpdaterController.swift; path = Update/UpdaterController.swift; sourceTree = "<group>"; };
		C945584C7AD86F96A08DC962 /* SettingsScene.swift */ = {isa = PBXFileReference; includeInIndex = 1; lastKnownFileType = sourcecode.swift; name = SettingsScene.swift; path = UI/SettingsScene.swift; sourceTree = "<group>"; };
		C9B064076BEE35766005F8F7 /* FocusEvent.swift */ = {isa = PBXFileReference; includeInIndex = 1; lastKnownFileType = sourcecode.swift; name = FocusEvent.swift; path = Monitor/FocusEvent.swift; sourceTree = "<group>"; };
		CC505422C847EFFE7A5F13CF /* SwiftUI.framework */ = {isa = PBXFileReference; lastKnownFileType = wrapper.framework; name = SwiftUI.framework; path = Platforms/MacOSX.platform/Developer/SDKs/MacOSX15.0.sdk/System/Library/Frameworks/SwiftUI.framework; sourceTree = DEVELOPER_DIR; };
		CC8D537B3CEF05A3792A52EA /* VisibilityDiff.swift */ = {isa = PBXFileReference; includeInIndex = 1; lastKnownFileType = sourcecode.swift; name = VisibilityDiff.swift; path = Monitor/VisibilityDiff.swift; sourceTree = "<group>"; };
		CDC669345BF6E37045789D87 /* Assets.xcassets */ = {isa = PBXFileReference; includeInIndex = 1; lastKnownFileType = folder.assetcatalog; path = Assets.xcassets; sourceTree = "<group>"; };
		D226E79DD0D6BEAE9A608A8C /* Config.swift */ = {isa = PBXFileReference; includeInIndex = 1; lastKnownFileType = sourcecode.swift; name = Config.swift; path = Config/Config.swift; sourceTree = "<group>"; };
		D29CA746E04BBFB35041FFA0 /* SystemActionButton.swift */ = {isa = PBXFileReference; includeInIndex = 1; lastKnownFileType = sourcecode.swift; name = SystemActionButton.swift; path = UI/Components/SystemActionButton.swift; sourceTree = "<group>"; };
		D37C76AAA1A96AC9F8DAB50D /* RuleEngineTests.swift */ = {isa = PBXFileReference; includeInIndex = 1; lastKnownFileType = sourcecode.swift; path = RuleEngineTests.swift; sourceTree = "<group>"; };
		D39CE7546A31A56C96028437 /* AutoSwitchTests.xctest */ = {isa = PBXFileReference; explicitFileType = wrapper.cfbundle; includeInIndex = 0; path = AutoSwitchTests.xctest; sourceTree = BUILT_PRODUCTS_DIR; };
		DEE9E62282CDF86B5274F8B1 /* FocusCoordinator.swift */ = {isa = PBXFileReference; includeInIndex = 1; lastKnownFileType = sourcecode.swift; name = FocusCoordinator.swift; path = Engine/FocusCoordinator.swift; sourceTree = "<group>"; };
		E1708EB16281F865E8FDBE3C /* CaretContextProbe.swift */ = {isa = PBXFileReference; includeInIndex = 1; lastKnownFileType = sourcecode.swift; name = CaretContextProbe.swift; path = Monitor/CaretContextProbe.swift; sourceTree = "<group>"; };
		E3D5D60CF9E81A8FB2FBA0E4 /* AppStateWindowSizingTests.swift */ = {isa = PBXFileReference; includeInIndex = 1; lastKnownFileType = sourcecode.swift; path = AppStateWindowSizingTests.swift; sourceTree = "<group>"; };
		ED64C1C1A5DB289DF3F84212 /* ShellPromptDetector.swift */ = {isa = PBXFileReference; includeInIndex = 1; lastKnownFileType = sourcecode.swift; name = ShellPromptDetector.swift; path = Engine/ShellPromptDetector.swift; sourceTree = "<group>"; };
		EDE5A3F5F39BA7A07F88E322 /* SlashTriggerMonitor.swift */ = {isa = PBXFileReference; includeInIndex = 1; lastKnownFileType = sourcecode.swift; name = SlashTriggerMonitor.swift; path = Engine/SlashTriggerMonitor.swift; sourceTree = "<group>"; };
		EE0029326B3E48B8E903D1FD /* FocusCoordinatorTests.swift */ = {isa = PBXFileReference; includeInIndex = 1; lastKnownFileType = sourcecode.swift; path = FocusCoordinatorTests.swift; sourceTree = "<group>"; };
		F9B5056FC5829BBB4216F8CC /* LockScreenMonitor.swift */ = {isa = PBXFileReference; includeInIndex = 1; lastKnownFileType = sourcecode.swift; name = LockScreenMonitor.swift; path = Monitor/LockScreenMonitor.swift; sourceTree = "<group>"; };
		FFA150AC65565DD17036CC17 /* SwitchSchedulerTests.swift */ = {isa = PBXFileReference; includeInIndex = 1; lastKnownFileType = sourcecode.swift; path = SwitchSchedulerTests.swift; sourceTree = "<group>"; };
/* End PBXFileReference section */

/* Begin PBXFrameworksBuildPhase section */
		700D4DD140A6D368B65D0752 /* Frameworks */ = {
			isa = PBXFrameworksBuildPhase;
			buildActionMask = 2147483647;
			files = (
				C063CC721FB85C94E8805449 /* Cocoa.framework in Frameworks */,
				B7DC26456A5EAD40A8B5F4EE /* XCTest.framework in Frameworks */,
				0E71E3D23005C0AC3ED2B8DE /* Foundation.framework in Frameworks */,
			);
			runOnlyForDeploymentPostprocessing = 0;
		};
		A125C202DAD6426BF3B3A5DE /* Frameworks */ = {
			isa = PBXFrameworksBuildPhase;
			buildActionMask = 2147483647;
			files = (
				159109CDFBE9DF12229C1575 /* Cocoa.framework in Frameworks */,
				9C0C38F656E882165970D303 /* AppKit.framework in Frameworks */,
				FFCBCFF71FEA8D4E2D910112 /* SwiftUI.framework in Frameworks */,
				4E59EC6FA67205ABC04136B3 /* Carbon.framework in Frameworks */,
				8808F9001C1CD2FA0B8BF83C /* ApplicationServices.framework in Frameworks */,
				416ACF7DC071D868C7F92945 /* ServiceManagement.framework in Frameworks */,
				4F175690DCDF158BD8F83523 /* Foundation.framework in Frameworks */,
			);
			runOnlyForDeploymentPostprocessing = 0;
		};
/* End PBXFrameworksBuildPhase section */

/* Begin PBXGroup section */
		153CF84FEB4A936E4E4DE1C6 /* OS X */ = {
			isa = PBXGroup;
			children = (
				52D7867AAA9A52C138591714 /* Cocoa.framework */,
				6711C9DCC60FBDBE064209D1 /* AppKit.framework */,
				CC505422C847EFFE7A5F13CF /* SwiftUI.framework */,
				6CC91107DEA03348AB3C6AAF /* Carbon.framework */,
				4665B35E427F4D7AC6352C13 /* ApplicationServices.framework */,
				B68753C9F39255340C91676E /* ServiceManagement.framework */,
				2C6FCDEBA7B1152D3AE8F0AE /* Foundation.framework */,
				A941F4314CFF012C29010931 /* XCTest.framework */,
			);
			name = "OS X";
			sourceTree = "<group>";
		};
		364C9DF7BA7A7C39C1F0AE2B = {
			isa = PBXGroup;
			children = (
				A6FB641D8B8955E1BB60788A /* Products */,
				5003A945571C1AA089433219 /* Frameworks */,
				6BF54700A00770CAA0C6004C /* AutoSwitch */,
				59AAC6904CBEF4A231E827B1 /* AutoSwitchTests */,
				F53BADA44E4C422DD61DE966 /* Scripts */,
			);
			sourceTree = "<group>";
		};
		39794DF848FA597FFA540367 /* Resources */ = {
			isa = PBXGroup;
			children = (
				CDC669345BF6E37045789D87 /* Assets.xcassets */,
				2F8A02A4F722392D2FBE9062 /* AutoSwitchIcon.icns */,
			);
			name = Resources;
			path = Resources;
			sourceTree = "<group>";
		};
		5003A945571C1AA089433219 /* Frameworks */ = {
			isa = PBXGroup;
			children = (
				153CF84FEB4A936E4E4DE1C6 /* OS X */,
			);
			name = Frameworks;
			sourceTree = "<group>";
		};
		59AAC6904CBEF4A231E827B1 /* AutoSwitchTests */ = {
			isa = PBXGroup;
			children = (
				D37C76AAA1A96AC9F8DAB50D /* RuleEngineTests.swift */,
				8A1701F21FA5E1C81FD795DC /* ShellPromptDetectorTests.swift */,
				FFA150AC65565DD17036CC17 /* SwitchSchedulerTests.swift */,
				03B212A52F1DE4599C743759 /* ConfigStoreTests.swift */,
				E3D5D60CF9E81A8FB2FBA0E4 /* AppStateWindowSizingTests.swift */,
				5A4BF95FB76B2126D49087D5 /* LaunchContextTests.swift */,
				EE0029326B3E48B8E903D1FD /* FocusCoordinatorTests.swift */,
				8CD6159B1E89A8AB14951F34 /* VisibilityDiffTests.swift */,
				09247C9240A13ACAE1101B73 /* KeyboardEventHubTests.swift */,
				BEB5DB64BBF6919E94D6537C /* InputSourceClassifierTests.swift */,
			);
			name = AutoSwitchTests;
			path = AutoSwitchTests;
			sourceTree = "<group>";
		};
		6BF54700A00770CAA0C6004C /* AutoSwitch */ = {
			isa = PBXGroup;
			children = (
				39794DF848FA597FFA540367 /* Resources */,
				6A5DCC5F1BE92C50806BCA36 /* AutoSwitchApp.swift */,
				5D8BDEAF5A0D47EA6CEF5BF4 /* AppDelegate.swift */,
				483DF98D9ED276D09B760BB8 /* AppState.swift */,
				13D36601F745DE55C74C5F41 /* LaunchContext.swift */,
				1660EEE5BC6F2CB4C6AEC4B9 /* SingleInstanceCoordinator.swift */,
				953E0AAC6B051F8D08E3ED2D /* StatusBarController.swift */,
				57577707B1A65B33C6B68B6F /* AppRule.swift */,
				A1F1047DC3A88DA50FAEC666 /* BuiltinSpotlightBundles.swift */,
				D226E79DD0D6BEAE9A608A8C /* Config.swift */,
				B545418F431B9AFDF2543FC8 /* ConfigStore.swift */,
				DEE9E62282CDF86B5274F8B1 /* FocusCoordinator.swift */,
				66F29FF23256167D43A80A31 /* RuleEngine.swift */,
				ED64C1C1A5DB289DF3F84212 /* ShellPromptDetector.swift */,
				EDE5A3F5F39BA7A07F88E322 /* SlashTriggerMonitor.swift */,
				0E6E67EF0D31E0FC91894E74 /* SwitchScheduler.swift */,
				114D15C9FCC35B39DD308632 /* TransientEnglishMonitor.swift */,
				4AE85667E307B04813CCD156 /* InputSource.swift */,
				B666C816343F076F977DA561 /* InputSourceClassifier.swift */,
				C2A87656EB13E6748315BD40 /* InputSourceController.swift */,
				B8817E114D0224062419D2AB /* AppActivationMonitor.swift */,
				0253F3C4BDBA15ACB1A0F57F /* AXTextReader.swift */,
				E1708EB16281F865E8FDBE3C /* CaretContextProbe.swift */,
				A573C1CB28A9C23D6007A817 /* FocusedElementMonitor.swift */,
				C9B064076BEE35766005F8F7 /* FocusEvent.swift */,
				9F96DB49D65157854D1E3506 /* KeyboardEventHub.swift */,
				F9B5056FC5829BBB4216F8CC /* LockScreenMonitor.swift */,
				2BCE1128734B38C7782E4893 /* SpotlightPanelMonitor.swift */,
				CC8D537B3CEF05A3792A52EA /* VisibilityDiff.swift */,
				996F6D36C7D86C47DBFA2F9C /* DocumentSwitchChecker.swift */,
				57E68B1BEF70178712322F0F /* LoginItemManager.swift */,
				88507D5D6CFD14C8BC9514CE /* PermissionsManager.swift */,
				BEBD49F706B831EBE2C9B446 /* SystemSettingsLinks.swift */,
				C5799DA710B0F139FD613D1B /* UpdaterController.swift */,
				9D7B132E32CAFDF6CC6AD0E1 /* AppRulesTab.swift */,
				3D97AF14A3155113036F1046 /* InputSourcePicker.swift */,
				17EC89E64FEC09848E75D4B4 /* StatusPill.swift */,
				D29CA746E04BBFB35041FFA0 /* SystemActionButton.swift */,
				576416E323DC0EE9AB685E0D /* GeneralTab.swift */,
				569D0FAFA36B0D2662DD3A00 /* RunningAppsPicker.swift */,
				C945584C7AD86F96A08DC962 /* SettingsScene.swift */,
				28994B5B2A9EBAF89DC0F0DF /* SpotlightTab.swift */,
				8EDD2B4A006564D33F805A50 /* Info.plist */,
			);
			name = AutoSwitch;
			path = AutoSwitch;
			sourceTree = "<group>";
		};
		A6FB641D8B8955E1BB60788A /* Products */ = {
			isa = PBXGroup;
			children = (
				58B835A994EAEC270B7A4186 /* AutoSwitch.app */,
				D39CE7546A31A56C96028437 /* AutoSwitchTests.xctest */,
			);
			name = Products;
			sourceTree = "<group>";
		};
		F53BADA44E4C422DD61DE966 /* Scripts */ = {
			isa = PBXGroup;
			children = (
			);
			name = Scripts;
			path = Scripts;
			sourceTree = "<group>";
		};
/* End PBXGroup section */

/* Begin PBXNativeTarget section */
		0B2886C5E7B40D1279436842 /* AutoSwitchTests */ = {
			isa = PBXNativeTarget;
			buildConfigurationList = ED048818601293CD619F1ECA /* Build configuration list for PBXNativeTarget "AutoSwitchTests" */;
			buildPhases = (
				81476CB0787E7B115BD51E81 /* Sources */,
				700D4DD140A6D368B65D0752 /* Frameworks */,
				C7B8BFF38380FE6FE06EBBF0 /* Resources */,
			);
			buildRules = (
			);
			dependencies = (
				2A6C11C4BE15C55883365486 /* PBXTargetDependency */,
			);
			name = AutoSwitchTests;
			productName = AutoSwitchTests;
			productReference = D39CE7546A31A56C96028437 /* AutoSwitchTests.xctest */;
			productType = "com.apple.product-type.bundle.unit-test";
		};
		7F5E92B8FDF415FAA3F92AFE /* AutoSwitch */ = {
			isa = PBXNativeTarget;
			buildConfigurationList = 2F953779FFC2D5937CC3CB30 /* Build configuration list for PBXNativeTarget "AutoSwitch" */;
			buildPhases = (
				88233FB961F946F8A9D4D350 /* Sources */,
				A125C202DAD6426BF3B3A5DE /* Frameworks */,
				482336B5F9DBF83397241CA8 /* Resources */,
			);
			buildRules = (
			);
			dependencies = (
			);
			name = AutoSwitch;
			packageProductDependencies = (
				11BFBD0095F1A704F8E6F79F /* Sparkle */,
			);
			productName = AutoSwitch;
			productReference = 58B835A994EAEC270B7A4186 /* AutoSwitch.app */;
			productType = "com.apple.product-type.application";
		};
/* End PBXNativeTarget section */

/* Begin PBXProject section */
		EC8807F90DA1D9FF3E57ED93 /* Project object */ = {
			isa = PBXProject;
			attributes = {
				LastSwiftUpdateCheck = 2620;
				LastUpgradeCheck = 2620;
				TargetAttributes = {
				};
			};
			buildConfigurationList = F4315A461A85B9A13CDA83B5 /* Build configuration list for PBXProject "AutoSwitch" */;
			compatibilityVersion = "Xcode 26.0";
			developmentRegion = "zh-Hans";
			hasScannedForEncodings = 0;
			knownRegions = (
				"zh-Hans",
				Base,
			);
			mainGroup = 364C9DF7BA7A7C39C1F0AE2B;
			minimizedProjectReferenceProxies = 0;
			packageReferences = (
				5B7DE31C4BA4F055C9E38838 /* XCRemoteSwiftPackageReference "Sparkle" */,
			);
			preferredProjectObjectVersion = 77;
			productRefGroup = A6FB641D8B8955E1BB60788A /* Products */;
			projectDirPath = "";
			projectRoot = "";
			targets = (
				7F5E92B8FDF415FAA3F92AFE /* AutoSwitch */,
				0B2886C5E7B40D1279436842 /* AutoSwitchTests */,
			);
		};
/* End PBXProject section */

/* Begin PBXResourcesBuildPhase section */
		482336B5F9DBF83397241CA8 /* Resources */ = {
			isa = PBXResourcesBuildPhase;
			buildActionMask = 2147483647;
			files = (
				FB00AB71C675536D945F9FC4 /* Assets.xcassets in Resources */,
				D45AF75816CF7C30CC8DE982 /* AutoSwitchIcon.icns in Resources */,
			);
			runOnlyForDeploymentPostprocessing = 0;
		};
		C7B8BFF38380FE6FE06EBBF0 /* Resources */ = {
			isa = PBXResourcesBuildPhase;
			buildActionMask = 2147483647;
			files = (
			);
			runOnlyForDeploymentPostprocessing = 0;
		};
/* End PBXResourcesBuildPhase section */

/* Begin PBXSourcesBuildPhase section */
		81476CB0787E7B115BD51E81 /* Sources */ = {
			isa = PBXSourcesBuildPhase;
			buildActionMask = 2147483647;
			files = (
				D73EF34491E0D18C049EA1EA /* RuleEngineTests.swift in Sources */,
				B236B1FB8331C76BBC8D584A /* ShellPromptDetectorTests.swift in Sources */,
				68150FD812166B2911861534 /* SwitchSchedulerTests.swift in Sources */,
				279C22BF2844667A73591EE9 /* ConfigStoreTests.swift in Sources */,
				93D04CA7F7E6AAA718E64F90 /* AppStateWindowSizingTests.swift in Sources */,
				0329114D8C80A3EA8A3FA079 /* LaunchContextTests.swift in Sources */,
				2901792EBB3BA7DDC5F4FE08 /* FocusCoordinatorTests.swift in Sources */,
				B422F34F9727705BB549D629 /* VisibilityDiffTests.swift in Sources */,
				D82075D8F11F819FB19506D4 /* KeyboardEventHubTests.swift in Sources */,
				FD5C044A91331B59F92B1CA7 /* InputSourceClassifierTests.swift in Sources */,
			);
			runOnlyForDeploymentPostprocessing = 0;
		};
		88233FB961F946F8A9D4D350 /* Sources */ = {
			isa = PBXSourcesBuildPhase;
			buildActionMask = 2147483647;
			files = (
				6E02BDDB9077C393ED3B5937 /* AutoSwitchApp.swift in Sources */,
				A4E9510CC73A4FA6ECD70E23 /* AppDelegate.swift in Sources */,
				2CE6056F201CAFEDF3850FB4 /* AppState.swift in Sources */,
				788137C3BF3905D961FB2B2F /* LaunchContext.swift in Sources */,
				B5BB94B54772AE1FFAB20298 /* SingleInstanceCoordinator.swift in Sources */,
				D5CFBE8BA6583FBA6C8AC20C /* StatusBarController.swift in Sources */,
				2F9759A18D4FE0F8E227225C /* AppRule.swift in Sources */,
				47E448D9ACE3731604BCBE47 /* BuiltinSpotlightBundles.swift in Sources */,
				720FFEFBF5BB124196E01CF1 /* Config.swift in Sources */,
				18569C6EF5BC3B1094550F0E /* ConfigStore.swift in Sources */,
				59EB376808805015B49ECF4D /* FocusCoordinator.swift in Sources */,
				7D39D53526F363965711691E /* RuleEngine.swift in Sources */,
				B76ECEBB4158F83B8A73300B /* ShellPromptDetector.swift in Sources */,
				4C2435803A69EC155F5BCA8E /* SlashTriggerMonitor.swift in Sources */,
				C32E276F2858F69FD012F96E /* SwitchScheduler.swift in Sources */,
				8D170D486E2C40B5ED10F86A /* TransientEnglishMonitor.swift in Sources */,
				28341AE6DAC7EDC9F96F2418 /* InputSource.swift in Sources */,
				678B72E6D46A9D8D15D0BCA4 /* InputSourceClassifier.swift in Sources */,
				F08C4FF643758260F4F807CF /* InputSourceController.swift in Sources */,
				19EE081C45EBE26E4ACB4A6D /* AppActivationMonitor.swift in Sources */,
				1685A2255023B3F07328572B /* AXTextReader.swift in Sources */,
				687D526FABA6EBAF6B2A9A79 /* CaretContextProbe.swift in Sources */,
				AEA5E68C54D07508E04FAB5E /* FocusedElementMonitor.swift in Sources */,
				2D2925EBF4B8E63EFEDC0B28 /* FocusEvent.swift in Sources */,
				E8382182568A582ED1F19189 /* KeyboardEventHub.swift in Sources */,
				D06033391812D074751E542C /* LockScreenMonitor.swift in Sources */,
				5782FD1745C4A88CF872E8FD /* SpotlightPanelMonitor.swift in Sources */,
				98825B1B077703FFD6BA05A1 /* VisibilityDiff.swift in Sources */,
				296B090DE11C0180B6489CEB /* DocumentSwitchChecker.swift in Sources */,
				6918AE9F6997EF256E89E558 /* LoginItemManager.swift in Sources */,
				39B8E7ED1FA242AA472FFFBC /* PermissionsManager.swift in Sources */,
				875DC1B4013F104C1E10C749 /* SystemSettingsLinks.swift in Sources */,
				EE923675D7817C2AB1DD67ED /* UpdaterController.swift in Sources */,
				80ED91967C65F91573BD6BB2 /* AppRulesTab.swift in Sources */,
				8720F3C7FD0DF823F3BCCB37 /* InputSourcePicker.swift in Sources */,
				D6D16C154982A40E7FC98D10 /* StatusPill.swift in Sources */,
				111260EB695E6B000DA8ADD8 /* SystemActionButton.swift in Sources */,
				3DF8868081F8D224BF4B9A84 /* GeneralTab.swift in Sources */,
				AADE1012204EC1D25B9D4AE7 /* RunningAppsPicker.swift in Sources */,
				DA1AEFF5EA6F738F2B11E319 /* SettingsScene.swift in Sources */,
				0CF765958F48DDF2BF30ABA2 /* SpotlightTab.swift in Sources */,
			);
			runOnlyForDeploymentPostprocessing = 0;
		};
/* End PBXSourcesBuildPhase section */

/* Begin PBXTargetDependency section */
		2A6C11C4BE15C55883365486 /* PBXTargetDependency */ = {
			isa = PBXTargetDependency;
			name = AutoSwitch;
			target = 7F5E92B8FDF415FAA3F92AFE /* AutoSwitch */;
			targetProxy = FC126CCB0F725DCD86970E23 /* PBXContainerItemProxy */;
		};
/* End PBXTargetDependency section */

/* Begin XCBuildConfiguration section */
		0D2FCBC21EB2AF72CE9554B7 /* Debug */ = {
			isa = XCBuildConfiguration;
			buildSettings = {
				APP_DISPLAY_NAME = "AutoSwitch DEV";
				ARCHS = arm64;
				CODE_SIGNING_ALLOWED = NO;
				CODE_SIGNING_REQUIRED = NO;
				CODE_SIGN_IDENTITY = "-";
				CODE_SIGN_STYLE = Manual;
				COMBINE_HIDPI_IMAGES = YES;
				CURRENT_PROJECT_VERSION = 10;
				DEAD_CODE_STRIPPING = YES;
				DEVELOPMENT_TEAM = "";
				ENABLE_STRICT_CONCURRENCY = YES;
				GENERATE_INFOPLIST_FILE = NO;
				INFOPLIST_FILE = AutoSwitch/App/Info.plist;
				LD_RUNPATH_SEARCH_PATHS = (
					"$(inherited)",
					"@executable_path/../Frameworks",
				);
				MACOSX_DEPLOYMENT_TARGET = 15.0;
				MARKETING_VERSION = 0.3.1;
				PRODUCT_BUNDLE_IDENTIFIER = dev.autoswitch.AutoSwitchDEV;
				PRODUCT_MODULE_NAME = AutoSwitch;
				PRODUCT_NAME = AutoSwitchDEV;
				SDKROOT = macosx;
				SWIFT_EMIT_LOC_STRINGS = YES;
				SWIFT_VERSION = 6.0;
			};
			name = Debug;
		};
		2E73AC1C92741EF6E14C85F6 /* Debug */ = {
			isa = XCBuildConfiguration;
			buildSettings = {
				ALWAYS_SEARCH_USER_PATHS = NO;
				CLANG_ANALYZER_NONNULL = YES;
				CLANG_ANALYZER_NUMBER_OBJECT_CONVERSION = YES_AGGRESSIVE;
				CLANG_CXX_LANGUAGE_STANDARD = "gnu++14";
				CLANG_CXX_LIBRARY = "libc++";
				CLANG_ENABLE_MODULES = YES;
				CLANG_ENABLE_OBJC_ARC = YES;
				CLANG_ENABLE_OBJC_WEAK = YES;
				CLANG_WARN_BLOCK_CAPTURE_AUTORELEASING = YES;
				CLANG_WARN_BOOL_CONVERSION = YES;
				CLANG_WARN_COMMA = YES;
				CLANG_WARN_CONSTANT_CONVERSION = YES;
				CLANG_WARN_DEPRECATED_OBJC_IMPLEMENTATIONS = YES;
				CLANG_WARN_DIRECT_OBJC_ISA_USAGE = YES_ERROR;
				CLANG_WARN_DOCUMENTATION_COMMENTS = YES;
				CLANG_WARN_EMPTY_BODY = YES;
				CLANG_WARN_ENUM_CONVERSION = YES;
				CLANG_WARN_INFINITE_RECURSION = YES;
				CLANG_WARN_INT_CONVERSION = YES;
				CLANG_WARN_NON_LITERAL_NULL_CONVERSION = YES;
				CLANG_WARN_OBJC_IMPLICIT_RETAIN_SELF = YES;
				CLANG_WARN_OBJC_LITERAL_CONVERSION = YES;
				CLANG_WARN_OBJC_ROOT_CLASS = YES_ERROR;
				CLANG_WARN_QUOTED_INCLUDE_IN_FRAMEWORK_HEADER = YES;
				CLANG_WARN_RANGE_LOOP_ANALYSIS = YES;
				CLANG_WARN_STRICT_PROTOTYPES = YES;
				CLANG_WARN_SUSPICIOUS_MOVE = YES;
				CLANG_WARN_UNGUARDED_AVAILABILITY = YES_AGGRESSIVE;
				CLANG_WARN_UNREACHABLE_CODE = YES;
				CLANG_WARN__DUPLICATE_METHOD_MATCH = YES;
				COPY_PHASE_STRIP = NO;
				DEBUG_INFORMATION_FORMAT = dwarf;
				ENABLE_STRICT_OBJC_MSGSEND = YES;
				ENABLE_TESTABILITY = YES;
				GCC_C_LANGUAGE_STANDARD = gnu11;
				GCC_DYNAMIC_NO_PIC = NO;
				GCC_NO_COMMON_BLOCKS = YES;
				GCC_OPTIMIZATION_LEVEL = 0;
				GCC_PREPROCESSOR_DEFINITIONS = (
					"DEBUG=1",
					"$(inherited)",
				);
				GCC_WARN_64_TO_32_BIT_CONVERSION = YES;
				GCC_WARN_ABOUT_RETURN_TYPE = YES_ERROR;
				GCC_WARN_UNDECLARED_SELECTOR = YES;
				GCC_WARN_UNINITIALIZED_AUTOS = YES_AGGRESSIVE;
				GCC_WARN_UNUSED_FUNCTION = YES;
				GCC_WARN_UNUSED_VARIABLE = YES;
				MTL_ENABLE_DEBUG_INFO = INCLUDE_SOURCE;
				MTL_FAST_MATH = YES;
				ONLY_ACTIVE_ARCH = YES;
				PRODUCT_NAME = "$(TARGET_NAME)";
				SWIFT_ACTIVE_COMPILATION_CONDITIONS = DEBUG;
				SWIFT_OPTIMIZATION_LEVEL = "-Onone";
				SWIFT_VERSION = 5.0;
			};
			name = Debug;
		};
		66895BCADBBFF6491D601D31 /* Debug */ = {
			isa = XCBuildConfiguration;
			buildSettings = {
				ARCHS = arm64;
				BUNDLE_LOADER = "$(TEST_HOST)";
				CODE_SIGNING_ALLOWED = NO;
				CODE_SIGNING_REQUIRED = NO;
				CODE_SIGN_IDENTITY = "-";
				CODE_SIGN_STYLE = Manual;
				CURRENT_PROJECT_VERSION = 10;
				DEVELOPMENT_TEAM = "";
				ENABLE_STRICT_CONCURRENCY = YES;
				ENABLE_TESTABILITY = YES;
				GENERATE_INFOPLIST_FILE = YES;
				MACOSX_DEPLOYMENT_TARGET = 15.0;
				MARKETING_VERSION = 0.3.1;
				PRODUCT_BUNDLE_IDENTIFIER = dev.autoswitch.AutoSwitchTests;
				SDKROOT = macosx;
				SWIFT_VERSION = 6.0;
				TEST_HOST = "$(BUILT_PRODUCTS_DIR)/$(TEST_HOST_APP_NAME).app/Contents/MacOS/$(TEST_HOST_APP_NAME)";
				TEST_HOST_APP_NAME = AutoSwitchDEV;
			};
			name = Debug;
		};
		7778F53B23836F4FDE657998 /* Release */ = {
			isa = XCBuildConfiguration;
			buildSettings = {
				ALWAYS_SEARCH_USER_PATHS = NO;
				CLANG_ANALYZER_NONNULL = YES;
				CLANG_ANALYZER_NUMBER_OBJECT_CONVERSION = YES_AGGRESSIVE;
				CLANG_CXX_LANGUAGE_STANDARD = "gnu++14";
				CLANG_CXX_LIBRARY = "libc++";
				CLANG_ENABLE_MODULES = YES;
				CLANG_ENABLE_OBJC_ARC = YES;
				CLANG_ENABLE_OBJC_WEAK = YES;
				CLANG_WARN_BLOCK_CAPTURE_AUTORELEASING = YES;
				CLANG_WARN_BOOL_CONVERSION = YES;
				CLANG_WARN_COMMA = YES;
				CLANG_WARN_CONSTANT_CONVERSION = YES;
				CLANG_WARN_DEPRECATED_OBJC_IMPLEMENTATIONS = YES;
				CLANG_WARN_DIRECT_OBJC_ISA_USAGE = YES_ERROR;
				CLANG_WARN_DOCUMENTATION_COMMENTS = YES;
				CLANG_WARN_EMPTY_BODY = YES;
				CLANG_WARN_ENUM_CONVERSION = YES;
				CLANG_WARN_INFINITE_RECURSION = YES;
				CLANG_WARN_INT_CONVERSION = YES;
				CLANG_WARN_NON_LITERAL_NULL_CONVERSION = YES;
				CLANG_WARN_OBJC_IMPLICIT_RETAIN_SELF = YES;
				CLANG_WARN_OBJC_LITERAL_CONVERSION = YES;
				CLANG_WARN_OBJC_ROOT_CLASS = YES_ERROR;
				CLANG_WARN_QUOTED_INCLUDE_IN_FRAMEWORK_HEADER = YES;
				CLANG_WARN_RANGE_LOOP_ANALYSIS = YES;
				CLANG_WARN_STRICT_PROTOTYPES = YES;
				CLANG_WARN_SUSPICIOUS_MOVE = YES;
				CLANG_WARN_UNGUARDED_AVAILABILITY = YES_AGGRESSIVE;
				CLANG_WARN_UNREACHABLE_CODE = YES;
				CLANG_WARN__DUPLICATE_METHOD_MATCH = YES;
				COPY_PHASE_STRIP = NO;
				DEBUG_INFORMATION_FORMAT = "dwarf-with-dsym";
				ENABLE_NS_ASSERTIONS = NO;
				ENABLE_STRICT_OBJC_MSGSEND = YES;
				GCC_C_LANGUAGE_STANDARD = gnu11;
				GCC_NO_COMMON_BLOCKS = YES;
				GCC_WARN_64_TO_32_BIT_CONVERSION = YES;
				GCC_WARN_ABOUT_RETURN_TYPE = YES_ERROR;
				GCC_WARN_UNDECLARED_SELECTOR = YES;
				GCC_WARN_UNINITIALIZED_AUTOS = YES_AGGRESSIVE;
				GCC_WARN_UNUSED_FUNCTION = YES;
				GCC_WARN_UNUSED_VARIABLE = YES;
				MTL_ENABLE_DEBUG_INFO = NO;
				MTL_FAST_MATH = YES;
				PRODUCT_NAME = "$(TARGET_NAME)";
				SWIFT_COMPILATION_MODE = wholemodule;
				SWIFT_OPTIMIZATION_LEVEL = "-O";
				SWIFT_VERSION = 5.0;
			};
			name = Release;
		};
		880F38C3EF2398167D3BF789 /* Release */ = {
			isa = XCBuildConfiguration;
			buildSettings = {
				ARCHS = arm64;
				BUNDLE_LOADER = "$(TEST_HOST)";
				CODE_SIGNING_ALLOWED = NO;
				CODE_SIGNING_REQUIRED = NO;
				CODE_SIGN_IDENTITY = "-";
				CODE_SIGN_STYLE = Manual;
				CURRENT_PROJECT_VERSION = 10;
				DEVELOPMENT_TEAM = "";
				ENABLE_STRICT_CONCURRENCY = YES;
				ENABLE_TESTABILITY = YES;
				GENERATE_INFOPLIST_FILE = YES;
				MACOSX_DEPLOYMENT_TARGET = 15.0;
				MARKETING_VERSION = 0.3.1;
				PRODUCT_BUNDLE_IDENTIFIER = dev.autoswitch.AutoSwitchTests;
				SDKROOT = macosx;
				SWIFT_VERSION = 6.0;
				TEST_HOST = "$(BUILT_PRODUCTS_DIR)/$(TEST_HOST_APP_NAME).app/Contents/MacOS/$(TEST_HOST_APP_NAME)";
				TEST_HOST_APP_NAME = AutoSwitch;
			};
			name = Release;
		};
		B223AD4D19B952AB6FAB422C /* Release */ = {
			isa = XCBuildConfiguration;
			buildSettings = {
				APP_DISPLAY_NAME = AutoSwitch;
				ARCHS = arm64;
				CODE_SIGNING_ALLOWED = NO;
				CODE_SIGNING_REQUIRED = NO;
				CODE_SIGN_IDENTITY = "-";
				CODE_SIGN_STYLE = Manual;
				COMBINE_HIDPI_IMAGES = YES;
				CURRENT_PROJECT_VERSION = 10;
				DEAD_CODE_STRIPPING = YES;
				DEVELOPMENT_TEAM = "";
				ENABLE_STRICT_CONCURRENCY = YES;
				GENERATE_INFOPLIST_FILE = NO;
				INFOPLIST_FILE = AutoSwitch/App/Info.plist;
				LD_RUNPATH_SEARCH_PATHS = (
					"$(inherited)",
					"@executable_path/../Frameworks",
				);
				MACOSX_DEPLOYMENT_TARGET = 15.0;
				MARKETING_VERSION = 0.3.1;
				PRODUCT_BUNDLE_IDENTIFIER = dev.autoswitch.AutoSwitch;
				PRODUCT_MODULE_NAME = AutoSwitch;
				PRODUCT_NAME = AutoSwitch;
				SDKROOT = macosx;
				SWIFT_EMIT_LOC_STRINGS = YES;
				SWIFT_VERSION = 6.0;
			};
			name = Release;
		};
/* End XCBuildConfiguration section */

/* Begin XCConfigurationList section */
		2F953779FFC2D5937CC3CB30 /* Build configuration list for PBXNativeTarget "AutoSwitch" */ = {
			isa = XCConfigurationList;
			buildConfigurations = (
				B223AD4D19B952AB6FAB422C /* Release */,
				0D2FCBC21EB2AF72CE9554B7 /* Debug */,
			);
			defaultConfigurationIsVisible = 0;
			defaultConfigurationName = Release;
		};
		ED048818601293CD619F1ECA /* Build configuration list for PBXNativeTarget "AutoSwitchTests" */ = {
			isa = XCConfigurationList;
			buildConfigurations = (
				880F38C3EF2398167D3BF789 /* Release */,
				66895BCADBBFF6491D601D31 /* Debug */,
			);
			defaultConfigurationIsVisible = 0;
			defaultConfigurationName = Release;
		};
		F4315A461A85B9A13CDA83B5 /* Build configuration list for PBXProject "AutoSwitch" */ = {
			isa = XCConfigurationList;
			buildConfigurations = (
				2E73AC1C92741EF6E14C85F6 /* Debug */,
				7778F53B23836F4FDE657998 /* Release */,
			);
			defaultConfigurationIsVisible = 0;
			defaultConfigurationName = Release;
		};
/* End XCConfigurationList section */

/* Begin XCRemoteSwiftPackageReference section */
		5B7DE31C4BA4F055C9E38838 /* XCRemoteSwiftPackageReference "Sparkle" */ = {
			isa = XCRemoteSwiftPackageReference;
			repositoryURL = "https://github.com/sparkle-project/Sparkle.git";
			requirement = {
				kind = upToNextMajorVersion;
				minimumVersion = 2.6.0;
			};
		};
/* End XCRemoteSwiftPackageReference section */

/* Begin XCSwiftPackageProductDependency section */
		11BFBD0095F1A704F8E6F79F /* Sparkle */ = {
			isa = XCSwiftPackageProductDependency;
			package = 5B7DE31C4BA4F055C9E38838 /* XCRemoteSwiftPackageReference "Sparkle" */;
			productName = Sparkle;
		};
/* End XCSwiftPackageProductDependency section */
	};
	rootObject = EC8807F90DA1D9FF3E57ED93 /* Project object */;
}
